
Microsoft Visual Studio Solution File, Format Version 12.00
# Visual Studio 15
VisualStudioVersion = 15.0.28010.2048
MinimumVisualStudioVersion = 10.0.40219.1
Project("{FAE04EC0-301F-11D3-BF4B-00C04F79EFBC}") = "AnomalyDetectionK", "AnomalyDetectionK\AnomalyDetectionK.csproj", "{A5CC0814-F33D-4521-BF77-5D2DF85BA2B7}"
EndProject
Project("{FAE04EC0-301F-11D3-BF4B-00C04F79EFBC}") = "AnomalyDetectionTest", "AnomalyDetectionTest\AnomalyDetectionTest.csproj", "{C20367F4-2872-4559-A868-0FA290877977}"
EndProject
Global
	GlobalSection(SolutionConfigurationPlatforms) = preSolution
		Debug|Any CPU = Debug|Any CPU
		Release|Any CPU = Release|Any CPU
	EndGlobalSection
	GlobalSection(ProjectConfigurationPlatforms) = postSolution
		{A5CC0814-F33D-4521-BF77-5D2DF85BA2B7}.Debug|Any CPU.ActiveCfg = Debug|Any CPU
		{A5CC0814-F33D-4521-BF77-5D2DF85BA2B7}.Debug|Any CPU.Build.0 = Debug|Any CPU
		{A5CC0814-F33D-4521-BF77-5D2DF85BA2B7}.Release|Any CPU.ActiveCfg = Release|Any CPU
		{A5CC0814-F33D-4521-BF77-5D2DF85BA2B7}.Release|Any CPU.Build.0 = Release|Any CPU
		{C20367F4-2872-4559-A868-0FA290877977}.Debug|Any CPU.ActiveCfg = Debug|Any CPU
		{C20367F4-2872-4559-A868-0FA290877977}.Debug|Any CPU.Build.0 = Debug|Any CPU
		{C20367F4-2872-4559-A868-0FA290877977}.Release|Any CPU.ActiveCfg = Release|Any CPU
		{C20367F4-2872-4559-A868-0FA290877977}.Release|Any CPU.Build.0 = Release|Any CPU
	EndGlobalSection
	GlobalSection(SolutionProperties) = preSolution
		HideSolutionNode = FALSE
	EndGlobalSection
	GlobalSection(ExtensibilityGlobals) = postSolution
		SolutionGuid = {0AE32047-CCF5-499A-B889-E27CEDE38482}
	EndGlobalSection
EndGlobal
