
Microsoft Visual Studio Solution File, Format Version 12.00
# Visual Studio 15
VisualStudioVersion = 15.0.27004.2009
MinimumVisualStudioVersion = 10.0.40219.1
Project("{FAE04EC0-301F-11D3-BF4B-00C04F79EFBC}") = "MouseGestureRecognition", "MouseGestureRecognition.csproj", "{383B8FF7-CFDE-40FA-8DB5-62983B7D457E}"
EndProject
Project("{9A19103F-16F7-4668-BE54-9A1E7A4F7556}") = "LearningApi", "..\src\LearningApi\LearningApi.csproj", "{D728EC07-E393-4F0F-BAB3-9DCF20D3B34E}"
EndProject
Project("{9A19103F-16F7-4668-BE54-9A1E7A4F7556}") = "AnomDetect.KMeans", "..\src\MLAlgorithms\AnomDetect.KMeans\AnomDetect.KMeans.csproj", "{8065E54A-E7CE-4A9A-807A-C9C47540826C}"
EndProject
Global
	GlobalSection(SolutionConfigurationPlatforms) = preSolution
		Debug|Any CPU = Debug|Any CPU
		Release|Any CPU = Release|Any CPU
	EndGlobalSection
	GlobalSection(ProjectConfigurationPlatforms) = postSolution
		{383B8FF7-CFDE-40FA-8DB5-62983B7D457E}.Debug|Any CPU.ActiveCfg = Debug|Any CPU
		{383B8FF7-CFDE-40FA-8DB5-62983B7D457E}.Debug|Any CPU.Build.0 = Debug|Any CPU
		{383B8FF7-CFDE-40FA-8DB5-62983B7D457E}.Release|Any CPU.ActiveCfg = Release|Any CPU
		{383B8FF7-CFDE-40FA-8DB5-62983B7D457E}.Release|Any CPU.Build.0 = Release|Any CPU
		{D728EC07-E393-4F0F-BAB3-9DCF20D3B34E}.Debug|Any CPU.ActiveCfg = Debug|Any CPU
		{D728EC07-E393-4F0F-BAB3-9DCF20D3B34E}.Debug|Any CPU.Build.0 = Debug|Any CPU
		{D728EC07-E393-4F0F-BAB3-9DCF20D3B34E}.Release|Any CPU.ActiveCfg = Release|Any CPU
		{D728EC07-E393-4F0F-BAB3-9DCF20D3B34E}.Release|Any CPU.Build.0 = Release|Any CPU
		{8065E54A-E7CE-4A9A-807A-C9C47540826C}.Debug|Any CPU.ActiveCfg = Debug|Any CPU
		{8065E54A-E7CE-4A9A-807A-C9C47540826C}.Debug|Any CPU.Build.0 = Debug|Any CPU
		{8065E54A-E7CE-4A9A-807A-C9C47540826C}.Release|Any CPU.ActiveCfg = Release|Any CPU
		{8065E54A-E7CE-4A9A-807A-C9C47540826C}.Release|Any CPU.Build.0 = Release|Any CPU
	EndGlobalSection
	GlobalSection(SolutionProperties) = preSolution
		HideSolutionNode = FALSE
	EndGlobalSection
	GlobalSection(ExtensibilityGlobals) = postSolution
		SolutionGuid = {DD0FDFB7-25B1-4E83-9B3D-B71D6DB943F9}
	EndGlobalSection
EndGlobal
