
Microsoft Visual Studio Solution File, Format Version 12.00
# Visual Studio Version 16
VisualStudioVersion = 16.0.28803.156
MinimumVisualStudioVersion = 10.0.40219.1
Project("{2150E333-8FDC-42A3-9474-1A3956D46DE8}") = "src", "src", "{4366E8AF-8F45-46BB-9FF7-6D67AA4171FA}"
EndProject
Project("{2150E333-8FDC-42A3-9474-1A3956D46DE8}") = "Solution Items", "Solution Items", "{90B6EC65-E430-4B10-A110-76CD4ADCA58C}"
	ProjectSection(SolutionItems) = preProject
		..\.gitignore = ..\.gitignore
	EndProjectSection
EndProject
Project("{2150E333-8FDC-42A3-9474-1A3956D46DE8}") = "MLAlgorithms", "MLAlgorithms", "{99343BF5-0AC3-451A-A249-343C47AEDEE9}"
EndProject
Project("{2150E333-8FDC-42A3-9474-1A3956D46DE8}") = "NeuralNetworks", "NeuralNetworks", "{461E3D43-4B87-4CC0-9762-88ACFDBAFBCA}"
EndProject
Project("{2150E333-8FDC-42A3-9474-1A3956D46DE8}") = "DataProviders", "DataProviders", "{58F1D3C8-00AE-4162-9FC9-52B8606832A9}"
EndProject
Project("{2150E333-8FDC-42A3-9474-1A3956D46DE8}") = "tests", "tests", "{9C130877-8AE6-46F0-83EE-813C2E8144A2}"
EndProject
Project("{2150E333-8FDC-42A3-9474-1A3956D46DE8}") = "Normalizers", "Normalizers", "{55C39C13-DCA9-413C-A143-77FB88952267}"
EndProject
Project("{9A19103F-16F7-4668-BE54-9A1E7A4F7556}") = "LearningApi", "src\LearningApi\LearningApi.csproj", "{606FA57F-38D5-4831-B222-DE4780B9CB28}"
EndProject
Project("{9A19103F-16F7-4668-BE54-9A1E7A4F7556}") = "AnomDetect.KMeans", "src\MLAlgorithms\AnomDetect.KMeans\AnomDetect.KMeans.csproj", "{838AED75-18B0-4837-9C91-6E845F799EDF}"
EndProject
Project("{9A19103F-16F7-4668-BE54-9A1E7A4F7556}") = "NeuralNetworks.Core", "src\MLAlgorithms\NeuralNetworks\NeuralNetworks.Core\NeuralNetworks.Core.csproj", "{A4882993-66B9-4559-A6FB-1CE1D89DA426}"
EndProject
Project("{9A19103F-16F7-4668-BE54-9A1E7A4F7556}") = "NeuralNet.BackPropagation", "src\MLAlgorithms\NeuralNetworks\NeuralNet.BackPropagation\NeuralNet.BackPropagation.csproj", "{C6E772DB-9622-482B-B62E-FD6C8C1D7D02}"
EndProject
Project("{9A19103F-16F7-4668-BE54-9A1E7A4F7556}") = "CsvDataProvider", "src\DataProviders\CsvDataProvider\CsvDataProvider.csproj", "{D140A327-23E3-4618-9212-EC9D03508017}"
EndProject
Project("{9A19103F-16F7-4668-BE54-9A1E7A4F7556}") = "test", "test\test.csproj", "{EFB4F6BE-A506-4AFD-A2DF-58FB5198A30B}"
EndProject
Project("{9A19103F-16F7-4668-BE54-9A1E7A4F7556}") = "MinMaxNormalizer", "src\Normalizers\MinMaxNormalizer\MinMaxNormalizer.csproj", "{9D8E58CC-49F0-4A65-B610-E6E2F2036151}"
EndProject
Project("{9A19103F-16F7-4668-BE54-9A1E7A4F7556}") = "GaussNormalizer", "src\Normalizers\GaussNormalizer\GaussNormalizer.csproj", "{D6ABFF9A-18A3-4980-ACA7-770A53C59684}"
EndProject
Project("{9A19103F-16F7-4668-BE54-9A1E7A4F7556}") = "CannyEdgeDetector", "src\CannyEdgeDetector\CannyEdgeDetector.csproj", "{0C98AAB8-042D-4219-96FD-D3EF0CF84F5D}"
EndProject
Project("{9A19103F-16F7-4668-BE54-9A1E7A4F7556}") = "LogisticRegression", "src\MLAlgorithms\LogisticRegression\LogisticRegression.csproj", "{B9C93B81-9125-4F8D-B5B2-0356F0DFB67A}"
EndProject
Project("{9A19103F-16F7-4668-BE54-9A1E7A4F7556}") = "NeuralNet.Perceptron", "src\MLAlgorithms\NeuralNetworks\NeuralNet.Perceptron\NeuralNet.Perceptron.csproj", "{AB1551F8-42C1-4DE2-AAF0-A07EBFEA8EA8}"
EndProject
Project("{9A19103F-16F7-4668-BE54-9A1E7A4F7556}") = "NeuralNet.RestrictedBolzmannMachine2", "src\MLAlgorithms\NeuralNetworks\NeuralNet.RestrictedBolzmannMachine2\NeuralNet.RestrictedBolzmannMachine2.csproj", "{D80402D7-ED09-4706-8A9E-6D08965EF6EF}"
EndProject
Project("{9A19103F-16F7-4668-BE54-9A1E7A4F7556}") = "SelfOrganizingMap", "src\MLAlgorithms\SelfOrganizingMap\SelfOrganizingMap.csproj", "{E2C5E205-9A72-4494-BFB7-230641E1C570}"
EndProject
Project("{2150E333-8FDC-42A3-9474-1A3956D46DE8}") = "SelfOrganizingMapProj", "SelfOrganizingMapProj", "{42E886CC-A5C2-4A88-916D-FE7F4B10C24A}"
EndProject
Project("{9A19103F-16F7-4668-BE54-9A1E7A4F7556}") = "GaussianAndMeanFilter", "src\MLAlgorithms\GaussianAndMeanFilter\GaussianAndMeanFilter.csproj", "{9B908482-01AB-4579-A196-2DA93E396CE5}"
EndProject
Project("{9A19103F-16F7-4668-BE54-9A1E7A4F7556}") = "DeltaRuleLearning", "src\MLAlgorithms\DeltaRuleLearning\DeltaRuleLearning.csproj", "{30A99494-1A83-41E3-9422-A185AE38E042}"
EndProject
Project("{9A19103F-16F7-4668-BE54-9A1E7A4F7556}") = "NeuralNet.MLPerceptron", "src\MLAlgorithms\NeuralNetworks\NeuralNet.MLPerceptron\NeuralNet.MLPerceptron.csproj", "{32DA33B2-5C56-4F50-860C-269E61CA3DA5}"
EndProject
Project("{9A19103F-16F7-4668-BE54-9A1E7A4F7556}") = "ImageBinarizer", "ImageBinarizer\ImageBinarizer.csproj", "{74EC6681-115E-45E0-8813-E63283279092}"
EndProject
Project("{9A19103F-16F7-4668-BE54-9A1E7A4F7556}") = "TestRunner", "TestRunner\TestRunner.csproj", "{B298B24F-8C29-45DB-AAB1-8AB143EB9EF1}"
EndProject
Project("{9A19103F-16F7-4668-BE54-9A1E7A4F7556}") = "AkkaMLPerceptron", "src\MLAlgorithms\NeuralNetworks\NeuralNet.AkkaMLPerceptron\AkkaMLPerceptron\AkkaMLPerceptron.csproj", "{824D0EC6-3B3E-420E-BFAA-484FBB85D03B}"
EndProject
Project("{2150E333-8FDC-42A3-9474-1A3956D46DE8}") = "NeuralNet.AkkaMLPerceptron", "NeuralNet.AkkaMLPerceptron", "{CBC741B6-631E-4657-9E57-F9878FFFE885}"
EndProject
Project("{2150E333-8FDC-42A3-9474-1A3956D46DE8}") = "akkacluster", "akkacluster", "{C866613F-9C4E-41AE-9CB9-BAA13B6A8169}"
EndProject
Project("{9A19103F-16F7-4668-BE54-9A1E7A4F7556}") = "AkkaHost", "akkacluster\AkkaHost\AkkaHost.csproj", "{DACF660C-6B15-42E3-8CBE-E76310A5F15E}"
EndProject
Project("{FAE04EC0-301F-11D3-BF4B-00C04F79EFBC}") = "AkkaHostLib", "AkkaHostLib\AkkaHostLib.csproj", "{D50209B5-0ED8-4720-99FD-4DC151E6D593}"
EndProject
Global
	GlobalSection(SolutionConfigurationPlatforms) = preSolution
		Debug|Any CPU = Debug|Any CPU
		Release|Any CPU = Release|Any CPU
	EndGlobalSection
	GlobalSection(ProjectConfigurationPlatforms) = postSolution
		{606FA57F-38D5-4831-B222-DE4780B9CB28}.Debug|Any CPU.ActiveCfg = Debug|Any CPU
		{606FA57F-38D5-4831-B222-DE4780B9CB28}.Debug|Any CPU.Build.0 = Debug|Any CPU
		{606FA57F-38D5-4831-B222-DE4780B9CB28}.Release|Any CPU.ActiveCfg = Release|Any CPU
		{606FA57F-38D5-4831-B222-DE4780B9CB28}.Release|Any CPU.Build.0 = Release|Any CPU
		{838AED75-18B0-4837-9C91-6E845F799EDF}.Debug|Any CPU.ActiveCfg = Debug|Any CPU
		{838AED75-18B0-4837-9C91-6E845F799EDF}.Debug|Any CPU.Build.0 = Debug|Any CPU
		{838AED75-18B0-4837-9C91-6E845F799EDF}.Release|Any CPU.ActiveCfg = Release|Any CPU
		{838AED75-18B0-4837-9C91-6E845F799EDF}.Release|Any CPU.Build.0 = Release|Any CPU
		{A4882993-66B9-4559-A6FB-1CE1D89DA426}.Debug|Any CPU.ActiveCfg = Debug|Any CPU
		{A4882993-66B9-4559-A6FB-1CE1D89DA426}.Debug|Any CPU.Build.0 = Debug|Any CPU
		{A4882993-66B9-4559-A6FB-1CE1D89DA426}.Release|Any CPU.ActiveCfg = Release|Any CPU
		{A4882993-66B9-4559-A6FB-1CE1D89DA426}.Release|Any CPU.Build.0 = Release|Any CPU
		{C6E772DB-9622-482B-B62E-FD6C8C1D7D02}.Debug|Any CPU.ActiveCfg = Debug|Any CPU
		{C6E772DB-9622-482B-B62E-FD6C8C1D7D02}.Debug|Any CPU.Build.0 = Debug|Any CPU
		{C6E772DB-9622-482B-B62E-FD6C8C1D7D02}.Release|Any CPU.ActiveCfg = Release|Any CPU
		{C6E772DB-9622-482B-B62E-FD6C8C1D7D02}.Release|Any CPU.Build.0 = Release|Any CPU
		{D140A327-23E3-4618-9212-EC9D03508017}.Debug|Any CPU.ActiveCfg = Debug|Any CPU
		{D140A327-23E3-4618-9212-EC9D03508017}.Debug|Any CPU.Build.0 = Debug|Any CPU
		{D140A327-23E3-4618-9212-EC9D03508017}.Release|Any CPU.ActiveCfg = Release|Any CPU
		{D140A327-23E3-4618-9212-EC9D03508017}.Release|Any CPU.Build.0 = Release|Any CPU
		{EFB4F6BE-A506-4AFD-A2DF-58FB5198A30B}.Debug|Any CPU.ActiveCfg = Debug|Any CPU
		{EFB4F6BE-A506-4AFD-A2DF-58FB5198A30B}.Debug|Any CPU.Build.0 = Debug|Any CPU
		{EFB4F6BE-A506-4AFD-A2DF-58FB5198A30B}.Release|Any CPU.ActiveCfg = Release|Any CPU
		{EFB4F6BE-A506-4AFD-A2DF-58FB5198A30B}.Release|Any CPU.Build.0 = Release|Any CPU
		{9D8E58CC-49F0-4A65-B610-E6E2F2036151}.Debug|Any CPU.ActiveCfg = Debug|Any CPU
		{9D8E58CC-49F0-4A65-B610-E6E2F2036151}.Debug|Any CPU.Build.0 = Debug|Any CPU
		{9D8E58CC-49F0-4A65-B610-E6E2F2036151}.Release|Any CPU.ActiveCfg = Release|Any CPU
		{9D8E58CC-49F0-4A65-B610-E6E2F2036151}.Release|Any CPU.Build.0 = Release|Any CPU
		{D6ABFF9A-18A3-4980-ACA7-770A53C59684}.Debug|Any CPU.ActiveCfg = Debug|Any CPU
		{D6ABFF9A-18A3-4980-ACA7-770A53C59684}.Debug|Any CPU.Build.0 = Debug|Any CPU
		{D6ABFF9A-18A3-4980-ACA7-770A53C59684}.Release|Any CPU.ActiveCfg = Release|Any CPU
		{D6ABFF9A-18A3-4980-ACA7-770A53C59684}.Release|Any CPU.Build.0 = Release|Any CPU
		{0C98AAB8-042D-4219-96FD-D3EF0CF84F5D}.Debug|Any CPU.ActiveCfg = Debug|Any CPU
		{0C98AAB8-042D-4219-96FD-D3EF0CF84F5D}.Debug|Any CPU.Build.0 = Debug|Any CPU
		{0C98AAB8-042D-4219-96FD-D3EF0CF84F5D}.Release|Any CPU.ActiveCfg = Release|Any CPU
		{0C98AAB8-042D-4219-96FD-D3EF0CF84F5D}.Release|Any CPU.Build.0 = Release|Any CPU
		{B9C93B81-9125-4F8D-B5B2-0356F0DFB67A}.Debug|Any CPU.ActiveCfg = Debug|Any CPU
		{B9C93B81-9125-4F8D-B5B2-0356F0DFB67A}.Debug|Any CPU.Build.0 = Debug|Any CPU
		{B9C93B81-9125-4F8D-B5B2-0356F0DFB67A}.Release|Any CPU.ActiveCfg = Release|Any CPU
		{B9C93B81-9125-4F8D-B5B2-0356F0DFB67A}.Release|Any CPU.Build.0 = Release|Any CPU
		{AB1551F8-42C1-4DE2-AAF0-A07EBFEA8EA8}.Debug|Any CPU.ActiveCfg = Debug|Any CPU
		{AB1551F8-42C1-4DE2-AAF0-A07EBFEA8EA8}.Debug|Any CPU.Build.0 = Debug|Any CPU
		{AB1551F8-42C1-4DE2-AAF0-A07EBFEA8EA8}.Release|Any CPU.ActiveCfg = Release|Any CPU
		{AB1551F8-42C1-4DE2-AAF0-A07EBFEA8EA8}.Release|Any CPU.Build.0 = Release|Any CPU
		{D80402D7-ED09-4706-8A9E-6D08965EF6EF}.Debug|Any CPU.ActiveCfg = Debug|Any CPU
		{D80402D7-ED09-4706-8A9E-6D08965EF6EF}.Debug|Any CPU.Build.0 = Debug|Any CPU
		{D80402D7-ED09-4706-8A9E-6D08965EF6EF}.Release|Any CPU.ActiveCfg = Release|Any CPU
		{D80402D7-ED09-4706-8A9E-6D08965EF6EF}.Release|Any CPU.Build.0 = Release|Any CPU
		{E2C5E205-9A72-4494-BFB7-230641E1C570}.Debug|Any CPU.ActiveCfg = Debug|Any CPU
		{E2C5E205-9A72-4494-BFB7-230641E1C570}.Debug|Any CPU.Build.0 = Debug|Any CPU
		{E2C5E205-9A72-4494-BFB7-230641E1C570}.Release|Any CPU.ActiveCfg = Release|Any CPU
		{E2C5E205-9A72-4494-BFB7-230641E1C570}.Release|Any CPU.Build.0 = Release|Any CPU
		{9B908482-01AB-4579-A196-2DA93E396CE5}.Debug|Any CPU.ActiveCfg = Debug|Any CPU
		{9B908482-01AB-4579-A196-2DA93E396CE5}.Debug|Any CPU.Build.0 = Debug|Any CPU
		{9B908482-01AB-4579-A196-2DA93E396CE5}.Release|Any CPU.ActiveCfg = Release|Any CPU
		{9B908482-01AB-4579-A196-2DA93E396CE5}.Release|Any CPU.Build.0 = Release|Any CPU
		{30A99494-1A83-41E3-9422-A185AE38E042}.Debug|Any CPU.ActiveCfg = Debug|Any CPU
		{30A99494-1A83-41E3-9422-A185AE38E042}.Debug|Any CPU.Build.0 = Debug|Any CPU
		{30A99494-1A83-41E3-9422-A185AE38E042}.Release|Any CPU.ActiveCfg = Release|Any CPU
		{30A99494-1A83-41E3-9422-A185AE38E042}.Release|Any CPU.Build.0 = Release|Any CPU
		{32DA33B2-5C56-4F50-860C-269E61CA3DA5}.Debug|Any CPU.ActiveCfg = Debug|Any CPU
		{32DA33B2-5C56-4F50-860C-269E61CA3DA5}.Debug|Any CPU.Build.0 = Debug|Any CPU
		{32DA33B2-5C56-4F50-860C-269E61CA3DA5}.Release|Any CPU.ActiveCfg = Release|Any CPU
		{32DA33B2-5C56-4F50-860C-269E61CA3DA5}.Release|Any CPU.Build.0 = Release|Any CPU
		{74EC6681-115E-45E0-8813-E63283279092}.Debug|Any CPU.ActiveCfg = Debug|Any CPU
		{74EC6681-115E-45E0-8813-E63283279092}.Debug|Any CPU.Build.0 = Debug|Any CPU
		{74EC6681-115E-45E0-8813-E63283279092}.Release|Any CPU.ActiveCfg = Release|Any CPU
		{74EC6681-115E-45E0-8813-E63283279092}.Release|Any CPU.Build.0 = Release|Any CPU
		{B298B24F-8C29-45DB-AAB1-8AB143EB9EF1}.Debug|Any CPU.ActiveCfg = Debug|Any CPU
		{B298B24F-8C29-45DB-AAB1-8AB143EB9EF1}.Debug|Any CPU.Build.0 = Debug|Any CPU
		{B298B24F-8C29-45DB-AAB1-8AB143EB9EF1}.Release|Any CPU.ActiveCfg = Release|Any CPU
		{B298B24F-8C29-45DB-AAB1-8AB143EB9EF1}.Release|Any CPU.Build.0 = Release|Any CPU
		{824D0EC6-3B3E-420E-BFAA-484FBB85D03B}.Debug|Any CPU.ActiveCfg = Debug|Any CPU
		{824D0EC6-3B3E-420E-BFAA-484FBB85D03B}.Debug|Any CPU.Build.0 = Debug|Any CPU
		{824D0EC6-3B3E-420E-BFAA-484FBB85D03B}.Release|Any CPU.ActiveCfg = Release|Any CPU
		{824D0EC6-3B3E-420E-BFAA-484FBB85D03B}.Release|Any CPU.Build.0 = Release|Any CPU
		{DACF660C-6B15-42E3-8CBE-E76310A5F15E}.Debug|Any CPU.ActiveCfg = Debug|Any CPU
		{DACF660C-6B15-42E3-8CBE-E76310A5F15E}.Debug|Any CPU.Build.0 = Debug|Any CPU
		{DACF660C-6B15-42E3-8CBE-E76310A5F15E}.Release|Any CPU.ActiveCfg = Release|Any CPU
		{DACF660C-6B15-42E3-8CBE-E76310A5F15E}.Release|Any CPU.Build.0 = Release|Any CPU
		{D50209B5-0ED8-4720-99FD-4DC151E6D593}.Debug|Any CPU.ActiveCfg = Debug|Any CPU
		{D50209B5-0ED8-4720-99FD-4DC151E6D593}.Debug|Any CPU.Build.0 = Debug|Any CPU
		{D50209B5-0ED8-4720-99FD-4DC151E6D593}.Release|Any CPU.ActiveCfg = Release|Any CPU
		{D50209B5-0ED8-4720-99FD-4DC151E6D593}.Release|Any CPU.Build.0 = Release|Any CPU
	EndGlobalSection
	GlobalSection(SolutionProperties) = preSolution
		HideSolutionNode = FALSE
	EndGlobalSection
	GlobalSection(NestedProjects) = preSolution
		{99343BF5-0AC3-451A-A249-343C47AEDEE9} = {4366E8AF-8F45-46BB-9FF7-6D67AA4171FA}
		{461E3D43-4B87-4CC0-9762-88ACFDBAFBCA} = {99343BF5-0AC3-451A-A249-343C47AEDEE9}
		{58F1D3C8-00AE-4162-9FC9-52B8606832A9} = {4366E8AF-8F45-46BB-9FF7-6D67AA4171FA}
		{55C39C13-DCA9-413C-A143-77FB88952267} = {4366E8AF-8F45-46BB-9FF7-6D67AA4171FA}
		{606FA57F-38D5-4831-B222-DE4780B9CB28} = {4366E8AF-8F45-46BB-9FF7-6D67AA4171FA}
		{838AED75-18B0-4837-9C91-6E845F799EDF} = {99343BF5-0AC3-451A-A249-343C47AEDEE9}
		{A4882993-66B9-4559-A6FB-1CE1D89DA426} = {461E3D43-4B87-4CC0-9762-88ACFDBAFBCA}
		{C6E772DB-9622-482B-B62E-FD6C8C1D7D02} = {461E3D43-4B87-4CC0-9762-88ACFDBAFBCA}
		{D140A327-23E3-4618-9212-EC9D03508017} = {58F1D3C8-00AE-4162-9FC9-52B8606832A9}
		{EFB4F6BE-A506-4AFD-A2DF-58FB5198A30B} = {9C130877-8AE6-46F0-83EE-813C2E8144A2}
		{9D8E58CC-49F0-4A65-B610-E6E2F2036151} = {55C39C13-DCA9-413C-A143-77FB88952267}
		{D6ABFF9A-18A3-4980-ACA7-770A53C59684} = {55C39C13-DCA9-413C-A143-77FB88952267}
		{0C98AAB8-042D-4219-96FD-D3EF0CF84F5D} = {4366E8AF-8F45-46BB-9FF7-6D67AA4171FA}
		{B9C93B81-9125-4F8D-B5B2-0356F0DFB67A} = {99343BF5-0AC3-451A-A249-343C47AEDEE9}
		{AB1551F8-42C1-4DE2-AAF0-A07EBFEA8EA8} = {461E3D43-4B87-4CC0-9762-88ACFDBAFBCA}
		{D80402D7-ED09-4706-8A9E-6D08965EF6EF} = {461E3D43-4B87-4CC0-9762-88ACFDBAFBCA}
		{E2C5E205-9A72-4494-BFB7-230641E1C570} = {42E886CC-A5C2-4A88-916D-FE7F4B10C24A}
		{42E886CC-A5C2-4A88-916D-FE7F4B10C24A} = {4366E8AF-8F45-46BB-9FF7-6D67AA4171FA}
		{9B908482-01AB-4579-A196-2DA93E396CE5} = {99343BF5-0AC3-451A-A249-343C47AEDEE9}
		{30A99494-1A83-41E3-9422-A185AE38E042} = {99343BF5-0AC3-451A-A249-343C47AEDEE9}
		{32DA33B2-5C56-4F50-860C-269E61CA3DA5} = {461E3D43-4B87-4CC0-9762-88ACFDBAFBCA}
		{74EC6681-115E-45E0-8813-E63283279092} = {4366E8AF-8F45-46BB-9FF7-6D67AA4171FA}
		{B298B24F-8C29-45DB-AAB1-8AB143EB9EF1} = {9C130877-8AE6-46F0-83EE-813C2E8144A2}
		{824D0EC6-3B3E-420E-BFAA-484FBB85D03B} = {CBC741B6-631E-4657-9E57-F9878FFFE885}
		{CBC741B6-631E-4657-9E57-F9878FFFE885} = {461E3D43-4B87-4CC0-9762-88ACFDBAFBCA}
		{DACF660C-6B15-42E3-8CBE-E76310A5F15E} = {C866613F-9C4E-41AE-9CB9-BAA13B6A8169}
		{D50209B5-0ED8-4720-99FD-4DC151E6D593} = {C866613F-9C4E-41AE-9CB9-BAA13B6A8169}
	EndGlobalSection
	GlobalSection(ExtensibilityGlobals) = postSolution
		SolutionGuid = {DD0FDFB7-25B1-4E83-9B3D-B71D6DB943F9}
	EndGlobalSection
EndGlobal
