
Microsoft Visual Studio Solution File, Format Version 12.00
# Visual Studio Version 16
VisualStudioVersion = 16.0.29215.179
MinimumVisualStudioVersion = 10.0.40219.1
Project("{2150E333-8FDC-42A3-9474-1A3956D46DE8}") = "src", "src", "{4366E8AF-8F45-46BB-9FF7-6D67AA4171FA}"
EndProject
Project("{2150E333-8FDC-42A3-9474-1A3956D46DE8}") = "Solution Items", "Solution Items", "{90B6EC65-E430-4B10-A110-76CD4ADCA58C}"
	ProjectSection(SolutionItems) = preProject
		..\.gitignore = ..\.gitignore
	EndProjectSection
EndProject
Project("{2150E333-8FDC-42A3-9474-1A3956D46DE8}") = "MLAlgorithms", "MLAlgorithms", "{99343BF5-0AC3-451A-A249-343C47AEDEE9}"
EndProject
Project("{2150E333-8FDC-42A3-9474-1A3956D46DE8}") = "NeuralNetworks", "NeuralNetworks", "{461E3D43-4B87-4CC0-9762-88ACFDBAFBCA}"
EndProject
Project("{2150E333-8FDC-42A3-9474-1A3956D46DE8}") = "DataProviders", "DataProviders", "{58F1D3C8-00AE-4162-9FC9-52B8606832A9}"
EndProject
Project("{2150E333-8FDC-42A3-9474-1A3956D46DE8}") = "tests", "tests", "{9C130877-8AE6-46F0-83EE-813C2E8144A2}"
EndProject
Project("{2150E333-8FDC-42A3-9474-1A3956D46DE8}") = "Normalizers", "Normalizers", "{55C39C13-DCA9-413C-A143-77FB88952267}"
EndProject
Project("{9A19103F-16F7-4668-BE54-9A1E7A4F7556}") = "LearningApi", "src\LearningApi\LearningApi.csproj", "{606FA57F-38D5-4831-B222-DE4780B9CB28}"
EndProject
Project("{9A19103F-16F7-4668-BE54-9A1E7A4F7556}") = "AnomDetect.KMeans", "src\MLAlgorithms\AnomDetect.KMeans\AnomDetect.KMeans.csproj", "{838AED75-18B0-4837-9C91-6E845F799EDF}"
EndProject
Project("{9A19103F-16F7-4668-BE54-9A1E7A4F7556}") = "NeuralNetworks.Core", "src\MLAlgorithms\NeuralNetworks\NeuralNetworks.Core\NeuralNetworks.Core.csproj", "{A4882993-66B9-4559-A6FB-1CE1D89DA426}"
EndProject
Project("{9A19103F-16F7-4668-BE54-9A1E7A4F7556}") = "NeuralNet.BackPropagation", "src\MLAlgorithms\NeuralNetworks\NeuralNet.BackPropagation\NeuralNet.BackPropagation.csproj", "{C6E772DB-9622-482B-B62E-FD6C8C1D7D02}"
EndProject
Project("{9A19103F-16F7-4668-BE54-9A1E7A4F7556}") = "CsvDataProvider", "src\DataProviders\CsvDataProvider\CsvDataProvider.csproj", "{D140A327-23E3-4618-9212-EC9D03508017}"
EndProject
Project("{9A19103F-16F7-4668-BE54-9A1E7A4F7556}") = "MinMaxNormalizer", "src\Normalizers\MinMaxNormalizer\MinMaxNormalizer.csproj", "{9D8E58CC-49F0-4A65-B610-E6E2F2036151}"
EndProject
Project("{9A19103F-16F7-4668-BE54-9A1E7A4F7556}") = "GaussNormalizer", "src\Normalizers\GaussNormalizer\GaussNormalizer.csproj", "{D6ABFF9A-18A3-4980-ACA7-770A53C59684}"
EndProject
Project("{9A19103F-16F7-4668-BE54-9A1E7A4F7556}") = "LogisticRegression", "src\MLAlgorithms\LogisticRegression\LogisticRegression.csproj", "{B9C93B81-9125-4F8D-B5B2-0356F0DFB67A}"
EndProject
Project("{9A19103F-16F7-4668-BE54-9A1E7A4F7556}") = "NeuralNet.Perceptron", "src\MLAlgorithms\NeuralNetworks\NeuralNet.Perceptron\NeuralNet.Perceptron.csproj", "{AB1551F8-42C1-4DE2-AAF0-A07EBFEA8EA8}"
EndProject
Project("{9A19103F-16F7-4668-BE54-9A1E7A4F7556}") = "NeuralNet.RestrictedBolzmannMachine2", "src\MLAlgorithms\NeuralNetworks\NeuralNet.RestrictedBolzmannMachine2\NeuralNet.RestrictedBolzmannMachine2.csproj", "{D80402D7-ED09-4706-8A9E-6D08965EF6EF}"
EndProject
Project("{9A19103F-16F7-4668-BE54-9A1E7A4F7556}") = "SelfOrganizingMap", "src\MLAlgorithms\SelfOrganizingMap\SelfOrganizingMap.csproj", "{E2C5E205-9A72-4494-BFB7-230641E1C570}"
EndProject
Project("{2150E333-8FDC-42A3-9474-1A3956D46DE8}") = "SelfOrganizingMapProj", "SelfOrganizingMapProj", "{42E886CC-A5C2-4A88-916D-FE7F4B10C24A}"
EndProject
Project("{9A19103F-16F7-4668-BE54-9A1E7A4F7556}") = "DeltaRuleLearning", "src\MLAlgorithms\DeltaRuleLearning\DeltaRuleLearning.csproj", "{30A99494-1A83-41E3-9422-A185AE38E042}"
EndProject
Project("{9A19103F-16F7-4668-BE54-9A1E7A4F7556}") = "NeuralNet.MLPerceptron", "src\MLAlgorithms\NeuralNetworks\NeuralNet.MLPerceptron\NeuralNet.MLPerceptron.csproj", "{32DA33B2-5C56-4F50-860C-269E61CA3DA5}"
EndProject
Project("{9A19103F-16F7-4668-BE54-9A1E7A4F7556}") = "TestRunner", "TestRunner\TestRunner.csproj", "{B298B24F-8C29-45DB-AAB1-8AB143EB9EF1}"
EndProject
Project("{9A19103F-16F7-4668-BE54-9A1E7A4F7556}") = "LearningApiTests", "test\LearningApiTests\LearningApiTests.csproj", "{DE3D404C-84A9-4BA1-8BFE-CD5BE1E97D4F}"
EndProject
Project("{9A19103F-16F7-4668-BE54-9A1E7A4F7556}") = "GaussianAndMeanFilter", "src\MLAlgorithms\GaussianMeanFilter\GaussianAndMeanFilter.csproj", "{400133E1-EA98-4518-9CBB-989EEA7D6D53}"
EndProject
Project("{9A19103F-16F7-4668-BE54-9A1E7A4F7556}") = "SupportVectorMachineAlgorithm", "src\MLAlgorithms\SupportVectorMachine\SupportVectorMachineAlgorithm.csproj", "{6B72AC31-C7BF-4CA1-8082-01218A18673C}"
EndProject
Project("{2150E333-8FDC-42A3-9474-1A3956D46DE8}") = "ImageBinarization", "ImageBinarization", "{63D7509E-33AB-4819-A089-F6DCCD016E2A}"
EndProject
Project("{2150E333-8FDC-42A3-9474-1A3956D46DE8}") = "App", "App", "{AA82F929-698C-4E91-8CF1-E9D774A1A8B3}"
EndProject
Project("{9A19103F-16F7-4668-BE54-9A1E7A4F7556}") = "ImageBinarizerApp", "src\ImageBinarization\App\ImageBinarizerApp.csproj", "{D390E5BA-6AE2-4C8F-ACF3-A3BF2FCE487B}"
EndProject
Project("{2150E333-8FDC-42A3-9474-1A3956D46DE8}") = "Lib", "Lib", "{F4BFFDE4-D14E-4F5B-AE68-593E8DC735F9}"
EndProject
Project("{9A19103F-16F7-4668-BE54-9A1E7A4F7556}") = "ImageBinarizerLib", "src\ImageBinarization\Lib\ImageBinarizerLib.csproj", "{ECDA5F17-DD67-4D72-9F05-F99CBC500A67}"
EndProject
Project("{2150E333-8FDC-42A3-9474-1A3956D46DE8}") = "Module", "Module", "{9DC36819-2E69-4BEB-BED6-752959771B6C}"
EndProject
Project("{9A19103F-16F7-4668-BE54-9A1E7A4F7556}") = "ImageBinarizer", "src\ImageBinarization\Module\ImageBinarizer.csproj", "{8766A591-FB11-4303-9056-FB6085653A73}"
EndProject
Project("{2150E333-8FDC-42A3-9474-1A3956D46DE8}") = "Documentation", "Documentation", "{818DD856-93AB-48E5-9673-950D050F9701}"
	ProjectSection(SolutionItems) = preProject
		src\ImageBinarization\Documentation\Image Binarization  PPT.pptx = src\ImageBinarization\Documentation\Image Binarization  PPT.pptx
		src\ImageBinarization\Documentation\Image Binarization.docx = src\ImageBinarization\Documentation\Image Binarization.docx
		src\ImageBinarization\Documentation\Image Binarization.pdf = src\ImageBinarization\Documentation\Image Binarization.pdf
	EndProjectSection
EndProject
Project("{9A19103F-16F7-4668-BE54-9A1E7A4F7556}") = "RingProjectionAlgorithm", "src\MLAlgorithms\RingProjectionAlgorithm\RingProjectionAlgorithm\RingProjectionAlgorithm.csproj", "{77850CE0-E570-401C-A1C8-BE416F0DF801}"
EndProject
Project("{9A19103F-16F7-4668-BE54-9A1E7A4F7556}") = "DigitRecognizer", "src\MLAlgorithms\DigitRecognizer\DigitRecognizer.csproj", "{22A1A8D7-AF8D-4397-8F6F-43863DBFC651}"
EndProject
Project("{9A19103F-16F7-4668-BE54-9A1E7A4F7556}") = "BinaryDecisionTree", "src\MLAlgorithms\BinaryDecisionTree\BinaryDecisionTree.csproj", "{AFA0652D-D813-426B-8A4C-428166BF9D3C}"
EndProject
Project("{9A19103F-16F7-4668-BE54-9A1E7A4F7556}") = "NeuralRegression", "src\MLAlgorithms\NeuralRegression\NeuralRegression.csproj", "{E44202CF-D8F7-4F2B-9E5A-D96DE5322026}"
EndProject
Project("{9A19103F-16F7-4668-BE54-9A1E7A4F7556}") = "DecisonForestRegressionAlgorithm", "src\MLAlgorithms\DecisonForestRegressionAlgorithm\DecisonForestRegressionAlgorithm.csproj", "{5BCAD659-538E-415E-B3B6-BEF9C5556B10}"
EndProject
Project("{FAE04EC0-301F-11D3-BF4B-00C04F79EFBC}") = "HiddenMarkovLib", "src\MLAlgorithms\HiddenMarkovLib\HiddenMarkovLib.csproj", "{AC27A308-873A-4594-95F6-BE35FB723EDD}"
EndProject
Project("{FAE04EC0-301F-11D3-BF4B-00C04F79EFBC}") = "MouseGestureRecognition", "src\MLAlgorithms\MouseGestureRecognition\MouseGestureRecognition.csproj", "{6AA5EA2B-200A-40CE-999C-7C2FEED6775E}"
EndProject
Project("{9A19103F-16F7-4668-BE54-9A1E7A4F7556}") = "DimensionalityReduction.PCA", "src\MLAlgorithms\DimensionalityReduction.PCA\DimensionalityReduction.PCA.csproj", "{15710821-B021-4DF2-9987-3B2738770409}"
EndProject
Project("{9A19103F-16F7-4668-BE54-9A1E7A4F7556}") = "sobelDetection", "src\MLAlgorithms\SobelDetection\sobelDetection.csproj", "{4356B12B-5BE1-4D73-B130-D0AF8BFE992C}"
EndProject
Project("{2150E333-8FDC-42A3-9474-1A3956D46DE8}") = "Filters", "Filters", "{05956FD6-0CDC-45EE-9DBD-2189772DAC44}"
EndProject
Project("{9A19103F-16F7-4668-BE54-9A1E7A4F7556}") = "EuclideanFilter", "src\Filters\EuclideanFilter\EuclideanFilter.csproj", "{41816394-ABDA-4E57-BB29-60E02506730F}"
EndProject
Project("{FAE04EC0-301F-11D3-BF4B-00C04F79EFBC}") = "EuclideanFilterWinFormApp", "src\Filters\EuclideanFilterWinFormApp\EuclideanFilterWinFormApp.csproj", "{0D9792A7-833C-427A-BC9A-823174007E1E}"
EndProject
Project("{9A19103F-16F7-4668-BE54-9A1E7A4F7556}") = "ConvolutionalNetwork", "src\MLAlgorithms\ConvolutionalNetwork\ConvolutionalNetwork.csproj", "{E4AA75C4-C641-4FE5-8BB8-2CC8BFE5E5B5}"
EndProject
Global
	GlobalSection(SolutionConfigurationPlatforms) = preSolution
		Debug|Any CPU = Debug|Any CPU
		Debug|x64 = Debug|x64
		Release|Any CPU = Release|Any CPU
		Release|x64 = Release|x64
	EndGlobalSection
	GlobalSection(ProjectConfigurationPlatforms) = postSolution
		{606FA57F-38D5-4831-B222-DE4780B9CB28}.Debug|Any CPU.ActiveCfg = Debug|Any CPU
		{606FA57F-38D5-4831-B222-DE4780B9CB28}.Debug|Any CPU.Build.0 = Debug|Any CPU
		{606FA57F-38D5-4831-B222-DE4780B9CB28}.Debug|x64.ActiveCfg = Debug|Any CPU
		{606FA57F-38D5-4831-B222-DE4780B9CB28}.Debug|x64.Build.0 = Debug|Any CPU
		{606FA57F-38D5-4831-B222-DE4780B9CB28}.Release|Any CPU.ActiveCfg = Release|Any CPU
		{606FA57F-38D5-4831-B222-DE4780B9CB28}.Release|Any CPU.Build.0 = Release|Any CPU
		{606FA57F-38D5-4831-B222-DE4780B9CB28}.Release|x64.ActiveCfg = Release|Any CPU
		{606FA57F-38D5-4831-B222-DE4780B9CB28}.Release|x64.Build.0 = Release|Any CPU
		{838AED75-18B0-4837-9C91-6E845F799EDF}.Debug|Any CPU.ActiveCfg = Debug|Any CPU
		{838AED75-18B0-4837-9C91-6E845F799EDF}.Debug|Any CPU.Build.0 = Debug|Any CPU
		{838AED75-18B0-4837-9C91-6E845F799EDF}.Debug|x64.ActiveCfg = Debug|Any CPU
		{838AED75-18B0-4837-9C91-6E845F799EDF}.Debug|x64.Build.0 = Debug|Any CPU
		{838AED75-18B0-4837-9C91-6E845F799EDF}.Release|Any CPU.ActiveCfg = Release|Any CPU
		{838AED75-18B0-4837-9C91-6E845F799EDF}.Release|Any CPU.Build.0 = Release|Any CPU
		{838AED75-18B0-4837-9C91-6E845F799EDF}.Release|x64.ActiveCfg = Release|Any CPU
		{838AED75-18B0-4837-9C91-6E845F799EDF}.Release|x64.Build.0 = Release|Any CPU
		{A4882993-66B9-4559-A6FB-1CE1D89DA426}.Debug|Any CPU.ActiveCfg = Debug|Any CPU
		{A4882993-66B9-4559-A6FB-1CE1D89DA426}.Debug|Any CPU.Build.0 = Debug|Any CPU
		{A4882993-66B9-4559-A6FB-1CE1D89DA426}.Debug|x64.ActiveCfg = Debug|Any CPU
		{A4882993-66B9-4559-A6FB-1CE1D89DA426}.Debug|x64.Build.0 = Debug|Any CPU
		{A4882993-66B9-4559-A6FB-1CE1D89DA426}.Release|Any CPU.ActiveCfg = Release|Any CPU
		{A4882993-66B9-4559-A6FB-1CE1D89DA426}.Release|Any CPU.Build.0 = Release|Any CPU
		{A4882993-66B9-4559-A6FB-1CE1D89DA426}.Release|x64.ActiveCfg = Release|Any CPU
		{A4882993-66B9-4559-A6FB-1CE1D89DA426}.Release|x64.Build.0 = Release|Any CPU
		{C6E772DB-9622-482B-B62E-FD6C8C1D7D02}.Debug|Any CPU.ActiveCfg = Debug|Any CPU
		{C6E772DB-9622-482B-B62E-FD6C8C1D7D02}.Debug|Any CPU.Build.0 = Debug|Any CPU
		{C6E772DB-9622-482B-B62E-FD6C8C1D7D02}.Debug|x64.ActiveCfg = Debug|Any CPU
		{C6E772DB-9622-482B-B62E-FD6C8C1D7D02}.Debug|x64.Build.0 = Debug|Any CPU
		{C6E772DB-9622-482B-B62E-FD6C8C1D7D02}.Release|Any CPU.ActiveCfg = Release|Any CPU
		{C6E772DB-9622-482B-B62E-FD6C8C1D7D02}.Release|Any CPU.Build.0 = Release|Any CPU
		{C6E772DB-9622-482B-B62E-FD6C8C1D7D02}.Release|x64.ActiveCfg = Release|Any CPU
		{C6E772DB-9622-482B-B62E-FD6C8C1D7D02}.Release|x64.Build.0 = Release|Any CPU
		{D140A327-23E3-4618-9212-EC9D03508017}.Debug|Any CPU.ActiveCfg = Debug|Any CPU
		{D140A327-23E3-4618-9212-EC9D03508017}.Debug|Any CPU.Build.0 = Debug|Any CPU
		{D140A327-23E3-4618-9212-EC9D03508017}.Debug|x64.ActiveCfg = Debug|Any CPU
		{D140A327-23E3-4618-9212-EC9D03508017}.Debug|x64.Build.0 = Debug|Any CPU
		{D140A327-23E3-4618-9212-EC9D03508017}.Release|Any CPU.ActiveCfg = Release|Any CPU
		{D140A327-23E3-4618-9212-EC9D03508017}.Release|Any CPU.Build.0 = Release|Any CPU
		{D140A327-23E3-4618-9212-EC9D03508017}.Release|x64.ActiveCfg = Release|Any CPU
		{D140A327-23E3-4618-9212-EC9D03508017}.Release|x64.Build.0 = Release|Any CPU
		{9D8E58CC-49F0-4A65-B610-E6E2F2036151}.Debug|Any CPU.ActiveCfg = Debug|Any CPU
		{9D8E58CC-49F0-4A65-B610-E6E2F2036151}.Debug|Any CPU.Build.0 = Debug|Any CPU
		{9D8E58CC-49F0-4A65-B610-E6E2F2036151}.Debug|x64.ActiveCfg = Debug|Any CPU
		{9D8E58CC-49F0-4A65-B610-E6E2F2036151}.Debug|x64.Build.0 = Debug|Any CPU
		{9D8E58CC-49F0-4A65-B610-E6E2F2036151}.Release|Any CPU.ActiveCfg = Release|Any CPU
		{9D8E58CC-49F0-4A65-B610-E6E2F2036151}.Release|Any CPU.Build.0 = Release|Any CPU
		{9D8E58CC-49F0-4A65-B610-E6E2F2036151}.Release|x64.ActiveCfg = Release|Any CPU
		{9D8E58CC-49F0-4A65-B610-E6E2F2036151}.Release|x64.Build.0 = Release|Any CPU
		{D6ABFF9A-18A3-4980-ACA7-770A53C59684}.Debug|Any CPU.ActiveCfg = Debug|Any CPU
		{D6ABFF9A-18A3-4980-ACA7-770A53C59684}.Debug|Any CPU.Build.0 = Debug|Any CPU
		{D6ABFF9A-18A3-4980-ACA7-770A53C59684}.Debug|x64.ActiveCfg = Debug|Any CPU
		{D6ABFF9A-18A3-4980-ACA7-770A53C59684}.Debug|x64.Build.0 = Debug|Any CPU
		{D6ABFF9A-18A3-4980-ACA7-770A53C59684}.Release|Any CPU.ActiveCfg = Release|Any CPU
		{D6ABFF9A-18A3-4980-ACA7-770A53C59684}.Release|Any CPU.Build.0 = Release|Any CPU
		{D6ABFF9A-18A3-4980-ACA7-770A53C59684}.Release|x64.ActiveCfg = Release|Any CPU
		{D6ABFF9A-18A3-4980-ACA7-770A53C59684}.Release|x64.Build.0 = Release|Any CPU
		{B9C93B81-9125-4F8D-B5B2-0356F0DFB67A}.Debug|Any CPU.ActiveCfg = Debug|Any CPU
		{B9C93B81-9125-4F8D-B5B2-0356F0DFB67A}.Debug|Any CPU.Build.0 = Debug|Any CPU
		{B9C93B81-9125-4F8D-B5B2-0356F0DFB67A}.Debug|x64.ActiveCfg = Debug|Any CPU
		{B9C93B81-9125-4F8D-B5B2-0356F0DFB67A}.Debug|x64.Build.0 = Debug|Any CPU
		{B9C93B81-9125-4F8D-B5B2-0356F0DFB67A}.Release|Any CPU.ActiveCfg = Release|Any CPU
		{B9C93B81-9125-4F8D-B5B2-0356F0DFB67A}.Release|Any CPU.Build.0 = Release|Any CPU
		{B9C93B81-9125-4F8D-B5B2-0356F0DFB67A}.Release|x64.ActiveCfg = Release|Any CPU
		{B9C93B81-9125-4F8D-B5B2-0356F0DFB67A}.Release|x64.Build.0 = Release|Any CPU
		{AB1551F8-42C1-4DE2-AAF0-A07EBFEA8EA8}.Debug|Any CPU.ActiveCfg = Debug|Any CPU
		{AB1551F8-42C1-4DE2-AAF0-A07EBFEA8EA8}.Debug|Any CPU.Build.0 = Debug|Any CPU
		{AB1551F8-42C1-4DE2-AAF0-A07EBFEA8EA8}.Debug|x64.ActiveCfg = Debug|Any CPU
		{AB1551F8-42C1-4DE2-AAF0-A07EBFEA8EA8}.Debug|x64.Build.0 = Debug|Any CPU
		{AB1551F8-42C1-4DE2-AAF0-A07EBFEA8EA8}.Release|Any CPU.ActiveCfg = Release|Any CPU
		{AB1551F8-42C1-4DE2-AAF0-A07EBFEA8EA8}.Release|Any CPU.Build.0 = Release|Any CPU
		{AB1551F8-42C1-4DE2-AAF0-A07EBFEA8EA8}.Release|x64.ActiveCfg = Release|Any CPU
		{AB1551F8-42C1-4DE2-AAF0-A07EBFEA8EA8}.Release|x64.Build.0 = Release|Any CPU
		{D80402D7-ED09-4706-8A9E-6D08965EF6EF}.Debug|Any CPU.ActiveCfg = Debug|Any CPU
		{D80402D7-ED09-4706-8A9E-6D08965EF6EF}.Debug|Any CPU.Build.0 = Debug|Any CPU
		{D80402D7-ED09-4706-8A9E-6D08965EF6EF}.Debug|x64.ActiveCfg = Debug|Any CPU
		{D80402D7-ED09-4706-8A9E-6D08965EF6EF}.Debug|x64.Build.0 = Debug|Any CPU
		{D80402D7-ED09-4706-8A9E-6D08965EF6EF}.Release|Any CPU.ActiveCfg = Release|Any CPU
		{D80402D7-ED09-4706-8A9E-6D08965EF6EF}.Release|Any CPU.Build.0 = Release|Any CPU
		{D80402D7-ED09-4706-8A9E-6D08965EF6EF}.Release|x64.ActiveCfg = Release|Any CPU
		{D80402D7-ED09-4706-8A9E-6D08965EF6EF}.Release|x64.Build.0 = Release|Any CPU
		{E2C5E205-9A72-4494-BFB7-230641E1C570}.Debug|Any CPU.ActiveCfg = Debug|Any CPU
		{E2C5E205-9A72-4494-BFB7-230641E1C570}.Debug|Any CPU.Build.0 = Debug|Any CPU
		{E2C5E205-9A72-4494-BFB7-230641E1C570}.Debug|x64.ActiveCfg = Debug|Any CPU
		{E2C5E205-9A72-4494-BFB7-230641E1C570}.Debug|x64.Build.0 = Debug|Any CPU
		{E2C5E205-9A72-4494-BFB7-230641E1C570}.Release|Any CPU.ActiveCfg = Release|Any CPU
		{E2C5E205-9A72-4494-BFB7-230641E1C570}.Release|Any CPU.Build.0 = Release|Any CPU
		{E2C5E205-9A72-4494-BFB7-230641E1C570}.Release|x64.ActiveCfg = Release|Any CPU
		{E2C5E205-9A72-4494-BFB7-230641E1C570}.Release|x64.Build.0 = Release|Any CPU
		{30A99494-1A83-41E3-9422-A185AE38E042}.Debug|Any CPU.ActiveCfg = Debug|Any CPU
		{30A99494-1A83-41E3-9422-A185AE38E042}.Debug|Any CPU.Build.0 = Debug|Any CPU
		{30A99494-1A83-41E3-9422-A185AE38E042}.Debug|x64.ActiveCfg = Debug|Any CPU
		{30A99494-1A83-41E3-9422-A185AE38E042}.Debug|x64.Build.0 = Debug|Any CPU
		{30A99494-1A83-41E3-9422-A185AE38E042}.Release|Any CPU.ActiveCfg = Release|Any CPU
		{30A99494-1A83-41E3-9422-A185AE38E042}.Release|Any CPU.Build.0 = Release|Any CPU
		{30A99494-1A83-41E3-9422-A185AE38E042}.Release|x64.ActiveCfg = Release|Any CPU
		{30A99494-1A83-41E3-9422-A185AE38E042}.Release|x64.Build.0 = Release|Any CPU
		{32DA33B2-5C56-4F50-860C-269E61CA3DA5}.Debug|Any CPU.ActiveCfg = Debug|Any CPU
		{32DA33B2-5C56-4F50-860C-269E61CA3DA5}.Debug|Any CPU.Build.0 = Debug|Any CPU
		{32DA33B2-5C56-4F50-860C-269E61CA3DA5}.Debug|x64.ActiveCfg = Debug|Any CPU
		{32DA33B2-5C56-4F50-860C-269E61CA3DA5}.Debug|x64.Build.0 = Debug|Any CPU
		{32DA33B2-5C56-4F50-860C-269E61CA3DA5}.Release|Any CPU.ActiveCfg = Release|Any CPU
		{32DA33B2-5C56-4F50-860C-269E61CA3DA5}.Release|Any CPU.Build.0 = Release|Any CPU
		{32DA33B2-5C56-4F50-860C-269E61CA3DA5}.Release|x64.ActiveCfg = Release|Any CPU
		{32DA33B2-5C56-4F50-860C-269E61CA3DA5}.Release|x64.Build.0 = Release|Any CPU
		{B298B24F-8C29-45DB-AAB1-8AB143EB9EF1}.Debug|Any CPU.ActiveCfg = Debug|Any CPU
		{B298B24F-8C29-45DB-AAB1-8AB143EB9EF1}.Debug|Any CPU.Build.0 = Debug|Any CPU
		{B298B24F-8C29-45DB-AAB1-8AB143EB9EF1}.Debug|x64.ActiveCfg = Debug|Any CPU
		{B298B24F-8C29-45DB-AAB1-8AB143EB9EF1}.Debug|x64.Build.0 = Debug|Any CPU
		{B298B24F-8C29-45DB-AAB1-8AB143EB9EF1}.Release|Any CPU.ActiveCfg = Release|Any CPU
		{B298B24F-8C29-45DB-AAB1-8AB143EB9EF1}.Release|Any CPU.Build.0 = Release|Any CPU
		{B298B24F-8C29-45DB-AAB1-8AB143EB9EF1}.Release|x64.ActiveCfg = Release|Any CPU
		{B298B24F-8C29-45DB-AAB1-8AB143EB9EF1}.Release|x64.Build.0 = Release|Any CPU
		{DE3D404C-84A9-4BA1-8BFE-CD5BE1E97D4F}.Debug|Any CPU.ActiveCfg = Debug|Any CPU
		{DE3D404C-84A9-4BA1-8BFE-CD5BE1E97D4F}.Debug|Any CPU.Build.0 = Debug|Any CPU
		{DE3D404C-84A9-4BA1-8BFE-CD5BE1E97D4F}.Debug|x64.ActiveCfg = Debug|Any CPU
		{DE3D404C-84A9-4BA1-8BFE-CD5BE1E97D4F}.Debug|x64.Build.0 = Debug|Any CPU
		{DE3D404C-84A9-4BA1-8BFE-CD5BE1E97D4F}.Release|Any CPU.ActiveCfg = Release|Any CPU
		{DE3D404C-84A9-4BA1-8BFE-CD5BE1E97D4F}.Release|Any CPU.Build.0 = Release|Any CPU
		{DE3D404C-84A9-4BA1-8BFE-CD5BE1E97D4F}.Release|x64.ActiveCfg = Release|Any CPU
		{DE3D404C-84A9-4BA1-8BFE-CD5BE1E97D4F}.Release|x64.Build.0 = Release|Any CPU
		{400133E1-EA98-4518-9CBB-989EEA7D6D53}.Debug|Any CPU.ActiveCfg = Debug|Any CPU
		{400133E1-EA98-4518-9CBB-989EEA7D6D53}.Debug|Any CPU.Build.0 = Debug|Any CPU
		{400133E1-EA98-4518-9CBB-989EEA7D6D53}.Debug|x64.ActiveCfg = Debug|Any CPU
		{400133E1-EA98-4518-9CBB-989EEA7D6D53}.Debug|x64.Build.0 = Debug|Any CPU
		{400133E1-EA98-4518-9CBB-989EEA7D6D53}.Release|Any CPU.ActiveCfg = Release|Any CPU
		{400133E1-EA98-4518-9CBB-989EEA7D6D53}.Release|Any CPU.Build.0 = Release|Any CPU
		{400133E1-EA98-4518-9CBB-989EEA7D6D53}.Release|x64.ActiveCfg = Release|Any CPU
		{400133E1-EA98-4518-9CBB-989EEA7D6D53}.Release|x64.Build.0 = Release|Any CPU
		{6B72AC31-C7BF-4CA1-8082-01218A18673C}.Debug|Any CPU.ActiveCfg = Debug|Any CPU
		{6B72AC31-C7BF-4CA1-8082-01218A18673C}.Debug|Any CPU.Build.0 = Debug|Any CPU
		{6B72AC31-C7BF-4CA1-8082-01218A18673C}.Debug|x64.ActiveCfg = Debug|Any CPU
		{6B72AC31-C7BF-4CA1-8082-01218A18673C}.Debug|x64.Build.0 = Debug|Any CPU
		{6B72AC31-C7BF-4CA1-8082-01218A18673C}.Release|Any CPU.ActiveCfg = Release|Any CPU
		{6B72AC31-C7BF-4CA1-8082-01218A18673C}.Release|Any CPU.Build.0 = Release|Any CPU
		{6B72AC31-C7BF-4CA1-8082-01218A18673C}.Release|x64.ActiveCfg = Release|Any CPU
		{6B72AC31-C7BF-4CA1-8082-01218A18673C}.Release|x64.Build.0 = Release|Any CPU
		{D390E5BA-6AE2-4C8F-ACF3-A3BF2FCE487B}.Debug|Any CPU.ActiveCfg = Debug|Any CPU
		{D390E5BA-6AE2-4C8F-ACF3-A3BF2FCE487B}.Debug|Any CPU.Build.0 = Debug|Any CPU
		{D390E5BA-6AE2-4C8F-ACF3-A3BF2FCE487B}.Debug|x64.ActiveCfg = Debug|Any CPU
		{D390E5BA-6AE2-4C8F-ACF3-A3BF2FCE487B}.Debug|x64.Build.0 = Debug|Any CPU
		{D390E5BA-6AE2-4C8F-ACF3-A3BF2FCE487B}.Release|Any CPU.ActiveCfg = Release|Any CPU
		{D390E5BA-6AE2-4C8F-ACF3-A3BF2FCE487B}.Release|Any CPU.Build.0 = Release|Any CPU
		{D390E5BA-6AE2-4C8F-ACF3-A3BF2FCE487B}.Release|x64.ActiveCfg = Release|Any CPU
		{D390E5BA-6AE2-4C8F-ACF3-A3BF2FCE487B}.Release|x64.Build.0 = Release|Any CPU
		{ECDA5F17-DD67-4D72-9F05-F99CBC500A67}.Debug|Any CPU.ActiveCfg = Debug|Any CPU
		{ECDA5F17-DD67-4D72-9F05-F99CBC500A67}.Debug|Any CPU.Build.0 = Debug|Any CPU
		{ECDA5F17-DD67-4D72-9F05-F99CBC500A67}.Debug|x64.ActiveCfg = Debug|Any CPU
		{ECDA5F17-DD67-4D72-9F05-F99CBC500A67}.Debug|x64.Build.0 = Debug|Any CPU
		{ECDA5F17-DD67-4D72-9F05-F99CBC500A67}.Release|Any CPU.ActiveCfg = Release|Any CPU
		{ECDA5F17-DD67-4D72-9F05-F99CBC500A67}.Release|Any CPU.Build.0 = Release|Any CPU
		{ECDA5F17-DD67-4D72-9F05-F99CBC500A67}.Release|x64.ActiveCfg = Release|Any CPU
		{ECDA5F17-DD67-4D72-9F05-F99CBC500A67}.Release|x64.Build.0 = Release|Any CPU
		{8766A591-FB11-4303-9056-FB6085653A73}.Debug|Any CPU.ActiveCfg = Debug|Any CPU
		{8766A591-FB11-4303-9056-FB6085653A73}.Debug|Any CPU.Build.0 = Debug|Any CPU
		{8766A591-FB11-4303-9056-FB6085653A73}.Debug|x64.ActiveCfg = Debug|Any CPU
		{8766A591-FB11-4303-9056-FB6085653A73}.Debug|x64.Build.0 = Debug|Any CPU
		{8766A591-FB11-4303-9056-FB6085653A73}.Release|Any CPU.ActiveCfg = Release|Any CPU
		{8766A591-FB11-4303-9056-FB6085653A73}.Release|Any CPU.Build.0 = Release|Any CPU
		{8766A591-FB11-4303-9056-FB6085653A73}.Release|x64.ActiveCfg = Release|Any CPU
		{8766A591-FB11-4303-9056-FB6085653A73}.Release|x64.Build.0 = Release|Any CPU
		{77850CE0-E570-401C-A1C8-BE416F0DF801}.Debug|Any CPU.ActiveCfg = Debug|Any CPU
		{77850CE0-E570-401C-A1C8-BE416F0DF801}.Debug|Any CPU.Build.0 = Debug|Any CPU
		{77850CE0-E570-401C-A1C8-BE416F0DF801}.Debug|x64.ActiveCfg = Debug|Any CPU
		{77850CE0-E570-401C-A1C8-BE416F0DF801}.Debug|x64.Build.0 = Debug|Any CPU
		{77850CE0-E570-401C-A1C8-BE416F0DF801}.Release|Any CPU.ActiveCfg = Release|Any CPU
		{77850CE0-E570-401C-A1C8-BE416F0DF801}.Release|Any CPU.Build.0 = Release|Any CPU
		{77850CE0-E570-401C-A1C8-BE416F0DF801}.Release|x64.ActiveCfg = Release|Any CPU
		{77850CE0-E570-401C-A1C8-BE416F0DF801}.Release|x64.Build.0 = Release|Any CPU
		{22A1A8D7-AF8D-4397-8F6F-43863DBFC651}.Debug|Any CPU.ActiveCfg = Debug|Any CPU
		{22A1A8D7-AF8D-4397-8F6F-43863DBFC651}.Debug|Any CPU.Build.0 = Debug|Any CPU
		{22A1A8D7-AF8D-4397-8F6F-43863DBFC651}.Debug|x64.ActiveCfg = Debug|Any CPU
		{22A1A8D7-AF8D-4397-8F6F-43863DBFC651}.Debug|x64.Build.0 = Debug|Any CPU
		{22A1A8D7-AF8D-4397-8F6F-43863DBFC651}.Release|Any CPU.ActiveCfg = Release|Any CPU
		{22A1A8D7-AF8D-4397-8F6F-43863DBFC651}.Release|Any CPU.Build.0 = Release|Any CPU
		{22A1A8D7-AF8D-4397-8F6F-43863DBFC651}.Release|x64.ActiveCfg = Release|Any CPU
		{22A1A8D7-AF8D-4397-8F6F-43863DBFC651}.Release|x64.Build.0 = Release|Any CPU
		{AFA0652D-D813-426B-8A4C-428166BF9D3C}.Debug|Any CPU.ActiveCfg = Debug|Any CPU
		{AFA0652D-D813-426B-8A4C-428166BF9D3C}.Debug|Any CPU.Build.0 = Debug|Any CPU
		{AFA0652D-D813-426B-8A4C-428166BF9D3C}.Debug|x64.ActiveCfg = Debug|Any CPU
		{AFA0652D-D813-426B-8A4C-428166BF9D3C}.Debug|x64.Build.0 = Debug|Any CPU
		{AFA0652D-D813-426B-8A4C-428166BF9D3C}.Release|Any CPU.ActiveCfg = Release|Any CPU
		{AFA0652D-D813-426B-8A4C-428166BF9D3C}.Release|Any CPU.Build.0 = Release|Any CPU
		{AFA0652D-D813-426B-8A4C-428166BF9D3C}.Release|x64.ActiveCfg = Release|Any CPU
		{AFA0652D-D813-426B-8A4C-428166BF9D3C}.Release|x64.Build.0 = Release|Any CPU
		{E44202CF-D8F7-4F2B-9E5A-D96DE5322026}.Debug|Any CPU.ActiveCfg = Debug|Any CPU
		{E44202CF-D8F7-4F2B-9E5A-D96DE5322026}.Debug|Any CPU.Build.0 = Debug|Any CPU
		{E44202CF-D8F7-4F2B-9E5A-D96DE5322026}.Debug|x64.ActiveCfg = Debug|Any CPU
		{E44202CF-D8F7-4F2B-9E5A-D96DE5322026}.Debug|x64.Build.0 = Debug|Any CPU
		{E44202CF-D8F7-4F2B-9E5A-D96DE5322026}.Release|Any CPU.ActiveCfg = Release|Any CPU
		{E44202CF-D8F7-4F2B-9E5A-D96DE5322026}.Release|Any CPU.Build.0 = Release|Any CPU
		{E44202CF-D8F7-4F2B-9E5A-D96DE5322026}.Release|x64.ActiveCfg = Release|Any CPU
		{E44202CF-D8F7-4F2B-9E5A-D96DE5322026}.Release|x64.Build.0 = Release|Any CPU
		{5BCAD659-538E-415E-B3B6-BEF9C5556B10}.Debug|Any CPU.ActiveCfg = Debug|Any CPU
		{5BCAD659-538E-415E-B3B6-BEF9C5556B10}.Debug|Any CPU.Build.0 = Debug|Any CPU
		{5BCAD659-538E-415E-B3B6-BEF9C5556B10}.Debug|x64.ActiveCfg = Debug|Any CPU
		{5BCAD659-538E-415E-B3B6-BEF9C5556B10}.Debug|x64.Build.0 = Debug|Any CPU
		{5BCAD659-538E-415E-B3B6-BEF9C5556B10}.Release|Any CPU.ActiveCfg = Release|Any CPU
		{5BCAD659-538E-415E-B3B6-BEF9C5556B10}.Release|Any CPU.Build.0 = Release|Any CPU
		{5BCAD659-538E-415E-B3B6-BEF9C5556B10}.Release|x64.ActiveCfg = Release|Any CPU
		{5BCAD659-538E-415E-B3B6-BEF9C5556B10}.Release|x64.Build.0 = Release|Any CPU
		{AC27A308-873A-4594-95F6-BE35FB723EDD}.Debug|Any CPU.ActiveCfg = Debug|Any CPU
		{AC27A308-873A-4594-95F6-BE35FB723EDD}.Debug|Any CPU.Build.0 = Debug|Any CPU
		{AC27A308-873A-4594-95F6-BE35FB723EDD}.Debug|x64.ActiveCfg = Debug|Any CPU
		{AC27A308-873A-4594-95F6-BE35FB723EDD}.Debug|x64.Build.0 = Debug|Any CPU
		{AC27A308-873A-4594-95F6-BE35FB723EDD}.Release|Any CPU.ActiveCfg = Release|Any CPU
		{AC27A308-873A-4594-95F6-BE35FB723EDD}.Release|Any CPU.Build.0 = Release|Any CPU
		{AC27A308-873A-4594-95F6-BE35FB723EDD}.Release|x64.ActiveCfg = Release|Any CPU
		{AC27A308-873A-4594-95F6-BE35FB723EDD}.Release|x64.Build.0 = Release|Any CPU
		{6AA5EA2B-200A-40CE-999C-7C2FEED6775E}.Debug|Any CPU.ActiveCfg = Debug|Any CPU
		{6AA5EA2B-200A-40CE-999C-7C2FEED6775E}.Debug|Any CPU.Build.0 = Debug|Any CPU
		{6AA5EA2B-200A-40CE-999C-7C2FEED6775E}.Debug|x64.ActiveCfg = Debug|Any CPU
		{6AA5EA2B-200A-40CE-999C-7C2FEED6775E}.Debug|x64.Build.0 = Debug|Any CPU
		{6AA5EA2B-200A-40CE-999C-7C2FEED6775E}.Release|Any CPU.ActiveCfg = Release|Any CPU
		{6AA5EA2B-200A-40CE-999C-7C2FEED6775E}.Release|Any CPU.Build.0 = Release|Any CPU
		{6AA5EA2B-200A-40CE-999C-7C2FEED6775E}.Release|x64.ActiveCfg = Release|Any CPU
		{6AA5EA2B-200A-40CE-999C-7C2FEED6775E}.Release|x64.Build.0 = Release|Any CPU
		{15710821-B021-4DF2-9987-3B2738770409}.Debug|Any CPU.ActiveCfg = Debug|Any CPU
		{15710821-B021-4DF2-9987-3B2738770409}.Debug|Any CPU.Build.0 = Debug|Any CPU
		{15710821-B021-4DF2-9987-3B2738770409}.Debug|x64.ActiveCfg = Debug|x64
		{15710821-B021-4DF2-9987-3B2738770409}.Debug|x64.Build.0 = Debug|x64
		{15710821-B021-4DF2-9987-3B2738770409}.Release|Any CPU.ActiveCfg = Release|Any CPU
		{15710821-B021-4DF2-9987-3B2738770409}.Release|Any CPU.Build.0 = Release|Any CPU
		{15710821-B021-4DF2-9987-3B2738770409}.Release|x64.ActiveCfg = Release|x64
		{15710821-B021-4DF2-9987-3B2738770409}.Release|x64.Build.0 = Release|x64
		{4356B12B-5BE1-4D73-B130-D0AF8BFE992C}.Debug|Any CPU.ActiveCfg = Debug|Any CPU
		{4356B12B-5BE1-4D73-B130-D0AF8BFE992C}.Debug|Any CPU.Build.0 = Debug|Any CPU
		{4356B12B-5BE1-4D73-B130-D0AF8BFE992C}.Debug|x64.ActiveCfg = Debug|Any CPU
		{4356B12B-5BE1-4D73-B130-D0AF8BFE992C}.Debug|x64.Build.0 = Debug|Any CPU
		{4356B12B-5BE1-4D73-B130-D0AF8BFE992C}.Release|Any CPU.ActiveCfg = Release|Any CPU
		{4356B12B-5BE1-4D73-B130-D0AF8BFE992C}.Release|Any CPU.Build.0 = Release|Any CPU
		{4356B12B-5BE1-4D73-B130-D0AF8BFE992C}.Release|x64.ActiveCfg = Release|Any CPU
		{4356B12B-5BE1-4D73-B130-D0AF8BFE992C}.Release|x64.Build.0 = Release|Any CPU
		{41816394-ABDA-4E57-BB29-60E02506730F}.Debug|Any CPU.ActiveCfg = Debug|Any CPU
		{41816394-ABDA-4E57-BB29-60E02506730F}.Debug|Any CPU.Build.0 = Debug|Any CPU
		{41816394-ABDA-4E57-BB29-60E02506730F}.Debug|x64.ActiveCfg = Debug|Any CPU
		{41816394-ABDA-4E57-BB29-60E02506730F}.Debug|x64.Build.0 = Debug|Any CPU
		{41816394-ABDA-4E57-BB29-60E02506730F}.Release|Any CPU.ActiveCfg = Release|Any CPU
		{41816394-ABDA-4E57-BB29-60E02506730F}.Release|Any CPU.Build.0 = Release|Any CPU
		{41816394-ABDA-4E57-BB29-60E02506730F}.Release|x64.ActiveCfg = Release|Any CPU
		{41816394-ABDA-4E57-BB29-60E02506730F}.Release|x64.Build.0 = Release|Any CPU
		{0D9792A7-833C-427A-BC9A-823174007E1E}.Debug|Any CPU.ActiveCfg = Debug|Any CPU
		{0D9792A7-833C-427A-BC9A-823174007E1E}.Debug|Any CPU.Build.0 = Debug|Any CPU
		{0D9792A7-833C-427A-BC9A-823174007E1E}.Debug|x64.ActiveCfg = Debug|Any CPU
		{0D9792A7-833C-427A-BC9A-823174007E1E}.Debug|x64.Build.0 = Debug|Any CPU
		{0D9792A7-833C-427A-BC9A-823174007E1E}.Release|Any CPU.ActiveCfg = Release|Any CPU
		{0D9792A7-833C-427A-BC9A-823174007E1E}.Release|Any CPU.Build.0 = Release|Any CPU
		{0D9792A7-833C-427A-BC9A-823174007E1E}.Release|x64.ActiveCfg = Release|Any CPU
		{0D9792A7-833C-427A-BC9A-823174007E1E}.Release|x64.Build.0 = Release|Any CPU
		{E4AA75C4-C641-4FE5-8BB8-2CC8BFE5E5B5}.Debug|Any CPU.ActiveCfg = Debug|Any CPU
		{E4AA75C4-C641-4FE5-8BB8-2CC8BFE5E5B5}.Debug|Any CPU.Build.0 = Debug|Any CPU
		{E4AA75C4-C641-4FE5-8BB8-2CC8BFE5E5B5}.Debug|x64.ActiveCfg = Debug|Any CPU
		{E4AA75C4-C641-4FE5-8BB8-2CC8BFE5E5B5}.Debug|x64.Build.0 = Debug|Any CPU
		{E4AA75C4-C641-4FE5-8BB8-2CC8BFE5E5B5}.Release|Any CPU.ActiveCfg = Release|Any CPU
		{E4AA75C4-C641-4FE5-8BB8-2CC8BFE5E5B5}.Release|Any CPU.Build.0 = Release|Any CPU
		{E4AA75C4-C641-4FE5-8BB8-2CC8BFE5E5B5}.Release|x64.ActiveCfg = Release|Any CPU
		{E4AA75C4-C641-4FE5-8BB8-2CC8BFE5E5B5}.Release|x64.Build.0 = Release|Any CPU
	EndGlobalSection
	GlobalSection(SolutionProperties) = preSolution
		HideSolutionNode = FALSE
	EndGlobalSection
	GlobalSection(NestedProjects) = preSolution
		{99343BF5-0AC3-451A-A249-343C47AEDEE9} = {4366E8AF-8F45-46BB-9FF7-6D67AA4171FA}
		{461E3D43-4B87-4CC0-9762-88ACFDBAFBCA} = {99343BF5-0AC3-451A-A249-343C47AEDEE9}
		{58F1D3C8-00AE-4162-9FC9-52B8606832A9} = {4366E8AF-8F45-46BB-9FF7-6D67AA4171FA}
		{55C39C13-DCA9-413C-A143-77FB88952267} = {4366E8AF-8F45-46BB-9FF7-6D67AA4171FA}
		{606FA57F-38D5-4831-B222-DE4780B9CB28} = {4366E8AF-8F45-46BB-9FF7-6D67AA4171FA}
		{838AED75-18B0-4837-9C91-6E845F799EDF} = {99343BF5-0AC3-451A-A249-343C47AEDEE9}
		{A4882993-66B9-4559-A6FB-1CE1D89DA426} = {461E3D43-4B87-4CC0-9762-88ACFDBAFBCA}
		{C6E772DB-9622-482B-B62E-FD6C8C1D7D02} = {461E3D43-4B87-4CC0-9762-88ACFDBAFBCA}
		{D140A327-23E3-4618-9212-EC9D03508017} = {58F1D3C8-00AE-4162-9FC9-52B8606832A9}
		{9D8E58CC-49F0-4A65-B610-E6E2F2036151} = {55C39C13-DCA9-413C-A143-77FB88952267}
		{D6ABFF9A-18A3-4980-ACA7-770A53C59684} = {55C39C13-DCA9-413C-A143-77FB88952267}
		{B9C93B81-9125-4F8D-B5B2-0356F0DFB67A} = {99343BF5-0AC3-451A-A249-343C47AEDEE9}
		{AB1551F8-42C1-4DE2-AAF0-A07EBFEA8EA8} = {461E3D43-4B87-4CC0-9762-88ACFDBAFBCA}
		{D80402D7-ED09-4706-8A9E-6D08965EF6EF} = {461E3D43-4B87-4CC0-9762-88ACFDBAFBCA}
		{E2C5E205-9A72-4494-BFB7-230641E1C570} = {42E886CC-A5C2-4A88-916D-FE7F4B10C24A}
		{42E886CC-A5C2-4A88-916D-FE7F4B10C24A} = {4366E8AF-8F45-46BB-9FF7-6D67AA4171FA}
		{30A99494-1A83-41E3-9422-A185AE38E042} = {99343BF5-0AC3-451A-A249-343C47AEDEE9}
		{32DA33B2-5C56-4F50-860C-269E61CA3DA5} = {461E3D43-4B87-4CC0-9762-88ACFDBAFBCA}
		{B298B24F-8C29-45DB-AAB1-8AB143EB9EF1} = {9C130877-8AE6-46F0-83EE-813C2E8144A2}
		{DE3D404C-84A9-4BA1-8BFE-CD5BE1E97D4F} = {9C130877-8AE6-46F0-83EE-813C2E8144A2}
		{400133E1-EA98-4518-9CBB-989EEA7D6D53} = {99343BF5-0AC3-451A-A249-343C47AEDEE9}
		{6B72AC31-C7BF-4CA1-8082-01218A18673C} = {99343BF5-0AC3-451A-A249-343C47AEDEE9}
		{63D7509E-33AB-4819-A089-F6DCCD016E2A} = {4366E8AF-8F45-46BB-9FF7-6D67AA4171FA}
		{AA82F929-698C-4E91-8CF1-E9D774A1A8B3} = {63D7509E-33AB-4819-A089-F6DCCD016E2A}
		{D390E5BA-6AE2-4C8F-ACF3-A3BF2FCE487B} = {AA82F929-698C-4E91-8CF1-E9D774A1A8B3}
		{F4BFFDE4-D14E-4F5B-AE68-593E8DC735F9} = {63D7509E-33AB-4819-A089-F6DCCD016E2A}
		{ECDA5F17-DD67-4D72-9F05-F99CBC500A67} = {F4BFFDE4-D14E-4F5B-AE68-593E8DC735F9}
		{9DC36819-2E69-4BEB-BED6-752959771B6C} = {63D7509E-33AB-4819-A089-F6DCCD016E2A}
		{8766A591-FB11-4303-9056-FB6085653A73} = {9DC36819-2E69-4BEB-BED6-752959771B6C}
		{818DD856-93AB-48E5-9673-950D050F9701} = {63D7509E-33AB-4819-A089-F6DCCD016E2A}
		{77850CE0-E570-401C-A1C8-BE416F0DF801} = {99343BF5-0AC3-451A-A249-343C47AEDEE9}
		{22A1A8D7-AF8D-4397-8F6F-43863DBFC651} = {99343BF5-0AC3-451A-A249-343C47AEDEE9}
		{AFA0652D-D813-426B-8A4C-428166BF9D3C} = {99343BF5-0AC3-451A-A249-343C47AEDEE9}
		{E44202CF-D8F7-4F2B-9E5A-D96DE5322026} = {99343BF5-0AC3-451A-A249-343C47AEDEE9}
		{5BCAD659-538E-415E-B3B6-BEF9C5556B10} = {99343BF5-0AC3-451A-A249-343C47AEDEE9}
		{AC27A308-873A-4594-95F6-BE35FB723EDD} = {99343BF5-0AC3-451A-A249-343C47AEDEE9}
		{6AA5EA2B-200A-40CE-999C-7C2FEED6775E} = {99343BF5-0AC3-451A-A249-343C47AEDEE9}
		{15710821-B021-4DF2-9987-3B2738770409} = {99343BF5-0AC3-451A-A249-343C47AEDEE9}
		{4356B12B-5BE1-4D73-B130-D0AF8BFE992C} = {99343BF5-0AC3-451A-A249-343C47AEDEE9}
		{05956FD6-0CDC-45EE-9DBD-2189772DAC44} = {4366E8AF-8F45-46BB-9FF7-6D67AA4171FA}
		{41816394-ABDA-4E57-BB29-60E02506730F} = {05956FD6-0CDC-45EE-9DBD-2189772DAC44}
		{0D9792A7-833C-427A-BC9A-823174007E1E} = {05956FD6-0CDC-45EE-9DBD-2189772DAC44}
		{E4AA75C4-C641-4FE5-8BB8-2CC8BFE5E5B5} = {99343BF5-0AC3-451A-A249-343C47AEDEE9}
	EndGlobalSection
	GlobalSection(ExtensibilityGlobals) = postSolution
		SolutionGuid = {DD0FDFB7-25B1-4E83-9B3D-B71D6DB943F9}
	EndGlobalSection
EndGlobal
