
Microsoft Visual Studio Solution File, Format Version 12.00
# Visual Studio 15
VisualStudioVersion = 15.0.28010.2046
MinimumVisualStudioVersion = 10.0.40219.1
Project("{9A19103F-16F7-4668-BE54-9A1E7A4F7556}") = "CenterModule", "CenterModule\CenterModule.csproj", "{5FCC9539-7E1C-449C-AF00-6699EEB809AD}"
EndProject
Project("{9A19103F-16F7-4668-BE54-9A1E7A4F7556}") = "CenterModuleUnitTests", "CenterModuleUnitTests\CenterModuleUnitTests.csproj", "{6E4768AE-201C-413C-A581-46595282BD72}"
EndProject
Global
	GlobalSection(SolutionConfigurationPlatforms) = preSolution
		Debug|Any CPU = Debug|Any CPU
		Release|Any CPU = Release|Any CPU
	EndGlobalSection
	GlobalSection(ProjectConfigurationPlatforms) = postSolution
		{5FCC9539-7E1C-449C-AF00-6699EEB809AD}.Debug|Any CPU.ActiveCfg = Debug|Any CPU
		{5FCC9539-7E1C-449C-AF00-6699EEB809AD}.Debug|Any CPU.Build.0 = Debug|Any CPU
		{5FCC9539-7E1C-449C-AF00-6699EEB809AD}.Release|Any CPU.ActiveCfg = Release|Any CPU
		{5FCC9539-7E1C-449C-AF00-6699EEB809AD}.Release|Any CPU.Build.0 = Release|Any CPU
		{6E4768AE-201C-413C-A581-46595282BD72}.Debug|Any CPU.ActiveCfg = Debug|Any CPU
		{6E4768AE-201C-413C-A581-46595282BD72}.Debug|Any CPU.Build.0 = Debug|Any CPU
		{6E4768AE-201C-413C-A581-46595282BD72}.Release|Any CPU.ActiveCfg = Release|Any CPU
		{6E4768AE-201C-413C-A581-46595282BD72}.Release|Any CPU.Build.0 = Release|Any CPU
	EndGlobalSection
	GlobalSection(SolutionProperties) = preSolution
		HideSolutionNode = FALSE
	EndGlobalSection
	GlobalSection(ExtensibilityGlobals) = postSolution
		SolutionGuid = {BE14799F-568D-412A-AF12-A2720738E6BF}
	EndGlobalSection
EndGlobal
