
Microsoft Visual Studio Solution File, Format Version 12.00
# Visual Studio Version 16
VisualStudioVersion = 16.0.29519.181
MinimumVisualStudioVersion = 10.0.40219.1
Project("{9A19103F-16F7-4668-BE54-9A1E7A4F7556}") = "DeltaRuleLearning", "DeltaRuleLearning.csproj", "{DCA5C277-9D36-43FD-ABFD-EAB945AC62D1}"
EndProject
Global
	GlobalSection(SolutionConfigurationPlatforms) = preSolution
		Debug|Any CPU = Debug|Any CPU
		Release|Any CPU = Release|Any CPU
	EndGlobalSection
	GlobalSection(ProjectConfigurationPlatforms) = postSolution
		{DCA5C277-9D36-43FD-ABFD-EAB945AC62D1}.Debug|Any CPU.ActiveCfg = Debug|Any CPU
		{DCA5C277-9D36-43FD-ABFD-EAB945AC62D1}.Debug|Any CPU.Build.0 = Debug|Any CPU
		{DCA5C277-9D36-43FD-ABFD-EAB945AC62D1}.Release|Any CPU.ActiveCfg = Release|Any CPU
		{DCA5C277-9D36-43FD-ABFD-EAB945AC62D1}.Release|Any CPU.Build.0 = Release|Any CPU
	EndGlobalSection
	GlobalSection(SolutionProperties) = preSolution
		HideSolutionNode = FALSE
	EndGlobalSection
	GlobalSection(ExtensibilityGlobals) = postSolution
		SolutionGuid = {8E93CA64-C293-4938-BED0-D40F9CE9E6C7}
	EndGlobalSection
EndGlobal
