
Microsoft Visual Studio Solution File, Format Version 12.00
# Visual Studio Version 16
VisualStudioVersion = 16.0.29519.181
MinimumVisualStudioVersion = 10.0.40219.1
Project("{9A19103F-16F7-4668-BE54-9A1E7A4F7556}") = "AnomDetect.KMeans", "AnomDetect.KMeans.csproj", "{E2C4E86C-EBCB-459F-A58D-5FD86CE41296}"
EndProject
Global
	GlobalSection(SolutionConfigurationPlatforms) = preSolution
		Debug|Any CPU = Debug|Any CPU
		Release|Any CPU = Release|Any CPU
	EndGlobalSection
	GlobalSection(ProjectConfigurationPlatforms) = postSolution
		{E2C4E86C-EBCB-459F-A58D-5FD86CE41296}.Debug|Any CPU.ActiveCfg = Debug|Any CPU
		{E2C4E86C-EBCB-459F-A58D-5FD86CE41296}.Debug|Any CPU.Build.0 = Debug|Any CPU
		{E2C4E86C-EBCB-459F-A58D-5FD86CE41296}.Release|Any CPU.ActiveCfg = Release|Any CPU
		{E2C4E86C-EBCB-459F-A58D-5FD86CE41296}.Release|Any CPU.Build.0 = Release|Any CPU
	EndGlobalSection
	GlobalSection(SolutionProperties) = preSolution
		HideSolutionNode = FALSE
	EndGlobalSection
	GlobalSection(ExtensibilityGlobals) = postSolution
		SolutionGuid = {C1F64ABA-E2A4-4E83-8169-46F05DD3F261}
	EndGlobalSection
EndGlobal
