
Microsoft Visual Studio Solution File, Format Version 12.00
# Visual Studio Version 16
VisualStudioVersion = 16.0.29709.97
MinimumVisualStudioVersion = 10.0.40219.1
Project("{9A19103F-16F7-4668-BE54-9A1E7A4F7556}") = "EuclideanFilter", "EuclideanFilter\EuclideanFilter.csproj", "{6436F4AD-8FD2-4FCB-B731-5C2AE1305881}"
EndProject
Project("{9A19103F-16F7-4668-BE54-9A1E7A4F7556}") = "EuclideanColorFilterTests", "EuclideanColorFilterTests\EuclideanColorFilterTests.csproj", "{D9C853C6-215B-4709-9D97-38AFA2BFE243}"
EndProject
Project("{2150E333-8FDC-42A3-9474-1A3956D46DE8}") = "Documentation", "Documentation", "{A46B500F-42DB-4F9C-8C6F-905DCE6F80E7}"
	ProjectSection(SolutionItems) = preProject
		Documentation\EuclideanColorFilter Documentation Sven Eisenbach.docx = Documentation\EuclideanColorFilter Documentation Sven Eisenbach.docx
		Documentation\EuclideanColorFilter Documentation Sven Eisenbach.pdf = Documentation\EuclideanColorFilter Documentation Sven Eisenbach.pdf
		Documentation\Presentation ColorFilter SvenEisenbach.pdf = Documentation\Presentation ColorFilter SvenEisenbach.pdf
		Documentation\Presentation ColorFilter SvenEisenbach.pptx = Documentation\Presentation ColorFilter SvenEisenbach.pptx
	EndProjectSection
EndProject
Project("{2150E333-8FDC-42A3-9474-1A3956D46DE8}") = "SolutionItems", "SolutionItems", "{AE69B818-8F19-4474-BF69-F55E527F33ED}"
	ProjectSection(SolutionItems) = preProject
		..\..\..\..\..\..\temp\.editorconfig = ..\..\..\..\..\..\temp\.editorconfig
	EndProjectSection
EndProject
Project("{2150E333-8FDC-42A3-9474-1A3956D46DE8}") = "Solution Items", "Solution Items", "{2243589E-6769-48CC-AA8E-02242B0ABC92}"
	ProjectSection(SolutionItems) = preProject
		.editorconfig = .editorconfig
	EndProjectSection
EndProject
Global
	GlobalSection(SolutionConfigurationPlatforms) = preSolution
		Debug|Any CPU = Debug|Any CPU
		Release|Any CPU = Release|Any CPU
	EndGlobalSection
	GlobalSection(ProjectConfigurationPlatforms) = postSolution
		{6436F4AD-8FD2-4FCB-B731-5C2AE1305881}.Debug|Any CPU.ActiveCfg = Debug|Any CPU
		{6436F4AD-8FD2-4FCB-B731-5C2AE1305881}.Debug|Any CPU.Build.0 = Debug|Any CPU
		{6436F4AD-8FD2-4FCB-B731-5C2AE1305881}.Release|Any CPU.ActiveCfg = Release|Any CPU
		{6436F4AD-8FD2-4FCB-B731-5C2AE1305881}.Release|Any CPU.Build.0 = Release|Any CPU
		{D9C853C6-215B-4709-9D97-38AFA2BFE243}.Debug|Any CPU.ActiveCfg = Debug|Any CPU
		{D9C853C6-215B-4709-9D97-38AFA2BFE243}.Debug|Any CPU.Build.0 = Debug|Any CPU
		{D9C853C6-215B-4709-9D97-38AFA2BFE243}.Release|Any CPU.ActiveCfg = Release|Any CPU
		{D9C853C6-215B-4709-9D97-38AFA2BFE243}.Release|Any CPU.Build.0 = Release|Any CPU
	EndGlobalSection
	GlobalSection(SolutionProperties) = preSolution
		HideSolutionNode = FALSE
	EndGlobalSection
	GlobalSection(ExtensibilityGlobals) = postSolution
		SolutionGuid = {45925BF9-88A2-4438-A7B8-475B5E31E36D}
	EndGlobalSection
EndGlobal
