
Microsoft Visual Studio Solution File, Format Version 12.00
# Visual Studio Version 16
VisualStudioVersion = 16.0.29519.181
MinimumVisualStudioVersion = 10.0.40219.1
Project("{9A19103F-16F7-4668-BE54-9A1E7A4F7556}") = "SelfOrganizingMap", "SelfOrganizingMap.csproj", "{F6E7246B-6AE7-47F5-ACC7-CE38B199A8BC}"
EndProject
Global
	GlobalSection(SolutionConfigurationPlatforms) = preSolution
		Debug|Any CPU = Debug|Any CPU
		Release|Any CPU = Release|Any CPU
	EndGlobalSection
	GlobalSection(ProjectConfigurationPlatforms) = postSolution
		{F6E7246B-6AE7-47F5-ACC7-CE38B199A8BC}.Debug|Any CPU.ActiveCfg = Debug|Any CPU
		{F6E7246B-6AE7-47F5-ACC7-CE38B199A8BC}.Debug|Any CPU.Build.0 = Debug|Any CPU
		{F6E7246B-6AE7-47F5-ACC7-CE38B199A8BC}.Release|Any CPU.ActiveCfg = Release|Any CPU
		{F6E7246B-6AE7-47F5-ACC7-CE38B199A8BC}.Release|Any CPU.Build.0 = Release|Any CPU
	EndGlobalSection
	GlobalSection(SolutionProperties) = preSolution
		HideSolutionNode = FALSE
	EndGlobalSection
	GlobalSection(ExtensibilityGlobals) = postSolution
		SolutionGuid = {7D09B4D0-A8FB-400E-BB69-CF3A7C24F619}
	EndGlobalSection
EndGlobal
