
Microsoft Visual Studio Solution File, Format Version 12.00
# Visual Studio 15
VisualStudioVersion = 15.0.28010.2050
MinimumVisualStudioVersion = 10.0.40219.1
Project("{9A19103F-16F7-4668-BE54-9A1E7A4F7556}") = "RingProjectionAlgorithm", "RingProjectionAlgorithm\RingProjectionAlgorithm.csproj", "{4DDE3459-96F7-43A7-87C1-A36D3ACDFA1B}"
EndProject
Project("{9A19103F-16F7-4668-BE54-9A1E7A4F7556}") = "UnitTestRingProjectionAlgorithm", "UnitTestRingProjectionAlgorithm\UnitTestRingProjectionAlgorithm.csproj", "{6E6EAC77-2020-4FAA-9DD2-DEF78C10EC08}"
EndProject
Project("{2150E333-8FDC-42A3-9474-1A3956D46DE8}") = "Documentation", "Documentation", "{B973DF5B-6CB8-4216-BF77-C8E9325E8E60}"
	ProjectSection(SolutionItems) = preProject
		Documentation\Dimension Reduction by Ring Projection Pipeline Module.docx = Documentation\Dimension Reduction by Ring Projection Pipeline Module.docx
		Documentation\Dimension Reduction by Ring Projection Pipeline Module.pdf = Documentation\Dimension Reduction by Ring Projection Pipeline Module.pdf
		Documentation\Presentation Ring Projection Pipeline Module.pdf = Documentation\Presentation Ring Projection Pipeline Module.pdf
		Documentation\Presentation Ring Projection Pipeline Module.pptx = Documentation\Presentation Ring Projection Pipeline Module.pptx
	EndProjectSection
EndProject
Project("{2150E333-8FDC-42A3-9474-1A3956D46DE8}") = "Solution Items", "Solution Items", "{88C8E93E-24AD-498D-84F3-9D648464E548}"
	ProjectSection(SolutionItems) = preProject
		nuget.config = nuget.config
	EndProjectSection
EndProject
Project("{2150E333-8FDC-42A3-9474-1A3956D46DE8}") = "nuget", "nuget", "{56E3C2A0-E037-4669-95AE-E7900F82BC4F}"
	ProjectSection(SolutionItems) = preProject
		nuget\ImageBinarizer.1.0.0.nupkg = nuget\ImageBinarizer.1.0.0.nupkg
	EndProjectSection
EndProject
Global
	GlobalSection(SolutionConfigurationPlatforms) = preSolution
		Debug|Any CPU = Debug|Any CPU
		Release|Any CPU = Release|Any CPU
	EndGlobalSection
	GlobalSection(ProjectConfigurationPlatforms) = postSolution
		{4DDE3459-96F7-43A7-87C1-A36D3ACDFA1B}.Debug|Any CPU.ActiveCfg = Debug|Any CPU
		{4DDE3459-96F7-43A7-87C1-A36D3ACDFA1B}.Debug|Any CPU.Build.0 = Debug|Any CPU
		{4DDE3459-96F7-43A7-87C1-A36D3ACDFA1B}.Release|Any CPU.ActiveCfg = Release|Any CPU
		{4DDE3459-96F7-43A7-87C1-A36D3ACDFA1B}.Release|Any CPU.Build.0 = Release|Any CPU
		{6E6EAC77-2020-4FAA-9DD2-DEF78C10EC08}.Debug|Any CPU.ActiveCfg = Debug|Any CPU
		{6E6EAC77-2020-4FAA-9DD2-DEF78C10EC08}.Debug|Any CPU.Build.0 = Debug|Any CPU
		{6E6EAC77-2020-4FAA-9DD2-DEF78C10EC08}.Release|Any CPU.ActiveCfg = Release|Any CPU
		{6E6EAC77-2020-4FAA-9DD2-DEF78C10EC08}.Release|Any CPU.Build.0 = Release|Any CPU
	EndGlobalSection
	GlobalSection(SolutionProperties) = preSolution
		HideSolutionNode = FALSE
	EndGlobalSection
	GlobalSection(ExtensibilityGlobals) = postSolution
		SolutionGuid = {E729E2C7-4FD0-47AC-A57B-353D86BE9091}
	EndGlobalSection
EndGlobal
