
Microsoft Visual Studio Solution File, Format Version 12.00
# Visual Studio Version 16
VisualStudioVersion = 16.0.29519.181
MinimumVisualStudioVersion = 10.0.40219.1
Project("{9A19103F-16F7-4668-BE54-9A1E7A4F7556}") = "DeltaRuleLearning", "DeltaRuleLearning.csproj", "{C9A7CF2C-4FAF-446D-BF52-2104F86C6DFF}"
EndProject
Global
	GlobalSection(SolutionConfigurationPlatforms) = preSolution
		Debug|Any CPU = Debug|Any CPU
		Release|Any CPU = Release|Any CPU
	EndGlobalSection
	GlobalSection(ProjectConfigurationPlatforms) = postSolution
		{C9A7CF2C-4FAF-446D-BF52-2104F86C6DFF}.Debug|Any CPU.ActiveCfg = Debug|Any CPU
		{C9A7CF2C-4FAF-446D-BF52-2104F86C6DFF}.Debug|Any CPU.Build.0 = Debug|Any CPU
		{C9A7CF2C-4FAF-446D-BF52-2104F86C6DFF}.Release|Any CPU.ActiveCfg = Release|Any CPU
		{C9A7CF2C-4FAF-446D-BF52-2104F86C6DFF}.Release|Any CPU.Build.0 = Release|Any CPU
	EndGlobalSection
	GlobalSection(SolutionProperties) = preSolution
		HideSolutionNode = FALSE
	EndGlobalSection
	GlobalSection(ExtensibilityGlobals) = postSolution
		SolutionGuid = {BC2FFF43-953C-4423-9351-9F58BEA499B1}
	EndGlobalSection
EndGlobal
