
Microsoft Visual Studio Solution File, Format Version 12.00
# Visual Studio Version 16
VisualStudioVersion = 16.0.29519.181
MinimumVisualStudioVersion = 10.0.40219.1
Project("{9A19103F-16F7-4668-BE54-9A1E7A4F7556}") = "LogisticRegression", "LogisticRegression.csproj", "{103DB62D-3C08-427C-B18C-4E417A268389}"
EndProject
Global
	GlobalSection(SolutionConfigurationPlatforms) = preSolution
		Debug|Any CPU = Debug|Any CPU
		Release|Any CPU = Release|Any CPU
	EndGlobalSection
	GlobalSection(ProjectConfigurationPlatforms) = postSolution
		{103DB62D-3C08-427C-B18C-4E417A268389}.Debug|Any CPU.ActiveCfg = Debug|Any CPU
		{103DB62D-3C08-427C-B18C-4E417A268389}.Debug|Any CPU.Build.0 = Debug|Any CPU
		{103DB62D-3C08-427C-B18C-4E417A268389}.Release|Any CPU.ActiveCfg = Release|Any CPU
		{103DB62D-3C08-427C-B18C-4E417A268389}.Release|Any CPU.Build.0 = Release|Any CPU
	EndGlobalSection
	GlobalSection(SolutionProperties) = preSolution
		HideSolutionNode = FALSE
	EndGlobalSection
	GlobalSection(ExtensibilityGlobals) = postSolution
		SolutionGuid = {1134D5D2-F338-45AE-A2D8-D2B23E217642}
	EndGlobalSection
EndGlobal
