
Microsoft Visual Studio Solution File, Format Version 12.00
# Visual Studio Version 16
VisualStudioVersion = 16.0.29519.181
MinimumVisualStudioVersion = 10.0.40219.1
Project("{9A19103F-16F7-4668-BE54-9A1E7A4F7556}") = "LogisticRegression", "LogisticRegression.csproj", "{2A4D8917-6E39-4509-B5B9-D5CFAE6AFBC7}"
EndProject
Global
	GlobalSection(SolutionConfigurationPlatforms) = preSolution
		Debug|Any CPU = Debug|Any CPU
		Release|Any CPU = Release|Any CPU
	EndGlobalSection
	GlobalSection(ProjectConfigurationPlatforms) = postSolution
		{2A4D8917-6E39-4509-B5B9-D5CFAE6AFBC7}.Debug|Any CPU.ActiveCfg = Debug|Any CPU
		{2A4D8917-6E39-4509-B5B9-D5CFAE6AFBC7}.Debug|Any CPU.Build.0 = Debug|Any CPU
		{2A4D8917-6E39-4509-B5B9-D5CFAE6AFBC7}.Release|Any CPU.ActiveCfg = Release|Any CPU
		{2A4D8917-6E39-4509-B5B9-D5CFAE6AFBC7}.Release|Any CPU.Build.0 = Release|Any CPU
	EndGlobalSection
	GlobalSection(SolutionProperties) = preSolution
		HideSolutionNode = FALSE
	EndGlobalSection
	GlobalSection(ExtensibilityGlobals) = postSolution
		SolutionGuid = {D48F8B29-2701-46E5-91C1-9D44D0593A63}
	EndGlobalSection
EndGlobal
